// !$*UTF8*$!
{
	archiveVersion = 1;
	classes = {
	};
	objectVersion = 56;
	objects = {

/* Begin PBXBuildFile section */
		040D8EF92A14894600AFC003 /* sleet.json in Resources */ = {isa = PBXBuildFile; fileRef = 040D8EF82A14894600AFC003 /* sleet.json */; };
		041200D62A1057E3007EF637 /* ForecastVC.swift in Sources */ = {isa = PBXBuildFile; fileRef = 041200D52A1057E3007EF637 /* ForecastVC.swift */; };
		041200D82A105A65007EF637 /* UIImageView+Weatherful.swift in Sources */ = {isa = PBXBuildFile; fileRef = 041200D72A105A65007EF637 /* UIImageView+Weatherful.swift */; };
		041200DB2A106F1A007EF637 /* ForecastDetailCell.swift in Sources */ = {isa = PBXBuildFile; fileRef = 041200D92A106F1A007EF637 /* ForecastDetailCell.swift */; };
		041200DC2A106F1A007EF637 /* ForecastDetailCell.xib in Resources */ = {isa = PBXBuildFile; fileRef = 041200DA2A106F1A007EF637 /* ForecastDetailCell.xib */; };
		041200DF2A109C95007EF637 /* ForecastHeaderCell.swift in Sources */ = {isa = PBXBuildFile; fileRef = 041200DD2A109C95007EF637 /* ForecastHeaderCell.swift */; };
		041200E02A109C95007EF637 /* ForecastHeaderCell.xib in Resources */ = {isa = PBXBuildFile; fileRef = 041200DE2A109C95007EF637 /* ForecastHeaderCell.xib */; };
		041200E22A10B88A007EF637 /* ForecastDetailVC.swift in Sources */ = {isa = PBXBuildFile; fileRef = 041200E12A10B88A007EF637 /* ForecastDetailVC.swift */; };
		041200E62A11A1D8007EF637 /* WeatherfulDate.swift in Sources */ = {isa = PBXBuildFile; fileRef = 041200E52A11A1D8007EF637 /* WeatherfulDate.swift */; };
		0440BAD729F8E7EE0057098E /* DateCell.swift in Sources */ = {isa = PBXBuildFile; fileRef = 0440BAD529F8E7EE0057098E /* DateCell.swift */; };
		0440BAD829F8E7EE0057098E /* DateCell.xib in Resources */ = {isa = PBXBuildFile; fileRef = 0440BAD629F8E7EE0057098E /* DateCell.xib */; };
		0440BADB29F8E8050057098E /* ForecastCell.swift in Sources */ = {isa = PBXBuildFile; fileRef = 0440BAD929F8E8050057098E /* ForecastCell.swift */; };
		0440BADC29F8E8050057098E /* ForecastCell.xib in Resources */ = {isa = PBXBuildFile; fileRef = 0440BADA29F8E8050057098E /* ForecastCell.xib */; };
		0440BAE029F8E9710057098E /* Constants.swift in Sources */ = {isa = PBXBuildFile; fileRef = 0440BADF29F8E9710057098E /* Constants.swift */; };
		0440BAE329F9F3260057098E /* SF-Pro-Text-Semibold.otf in Resources */ = {isa = PBXBuildFile; fileRef = 0440BAE229F9F3260057098E /* SF-Pro-Text-Semibold.otf */; };
		0440BAE529FA0BDC0057098E /* SF-Pro-Text-Heavy.otf in Resources */ = {isa = PBXBuildFile; fileRef = 0440BAE429FA0BDC0057098E /* SF-Pro-Text-Heavy.otf */; };
		0440BAE729FA0C3B0057098E /* SF-Pro-Text-Black.otf in Resources */ = {isa = PBXBuildFile; fileRef = 0440BAE629FA0C3B0057098E /* SF-Pro-Text-Black.otf */; };
		0440BAE92A0C8C8A0057098E /* ForecastModel.swift in Sources */ = {isa = PBXBuildFile; fileRef = 0440BAE82A0C8C8A0057098E /* ForecastModel.swift */; };
		0440BAEB2A0C8D1F0057098E /* ForecastData.swift in Sources */ = {isa = PBXBuildFile; fileRef = 0440BAEA2A0C8D1F0057098E /* ForecastData.swift */; };
		04C1128829F47C9900119130 /* AppDelegate.swift in Sources */ = {isa = PBXBuildFile; fileRef = 04C1128729F47C9900119130 /* AppDelegate.swift */; };
		04C1128A29F47C9900119130 /* SceneDelegate.swift in Sources */ = {isa = PBXBuildFile; fileRef = 04C1128929F47C9900119130 /* SceneDelegate.swift */; };
		04C1128C29F47C9900119130 /* MainVC.swift in Sources */ = {isa = PBXBuildFile; fileRef = 04C1128B29F47C9900119130 /* MainVC.swift */; };
		04C1128F29F47C9900119130 /* Main.storyboard in Resources */ = {isa = PBXBuildFile; fileRef = 04C1128D29F47C9900119130 /* Main.storyboard */; };
		04C1129129F47C9A00119130 /* Assets.xcassets in Resources */ = {isa = PBXBuildFile; fileRef = 04C1129029F47C9A00119130 /* Assets.xcassets */; };
		04C1129429F47C9A00119130 /* LaunchScreen.storyboard in Resources */ = {isa = PBXBuildFile; fileRef = 04C1129229F47C9A00119130 /* LaunchScreen.storyboard */; };
		04C112D329F4AC3400119130 /* SF-Pro-Text-Regular.otf in Resources */ = {isa = PBXBuildFile; fileRef = 04C112C129F4AC3300119130 /* SF-Pro-Text-Regular.otf */; };
		04C112D529F4AC3400119130 /* SF-Pro-Text-Medium.otf in Resources */ = {isa = PBXBuildFile; fileRef = 04C112C329F4AC3300119130 /* SF-Pro-Text-Medium.otf */; };
		04C112D929F4AC3400119130 /* SF-Pro-Text-Bold.otf in Resources */ = {isa = PBXBuildFile; fileRef = 04C112C729F4AC3400119130 /* SF-Pro-Text-Bold.otf */; };
		04C1130829F4ADBE00119130 /* UIColor+Weatherful.swift in Sources */ = {isa = PBXBuildFile; fileRef = 04C1130729F4ADBE00119130 /* UIColor+Weatherful.swift */; };
		04C1130A29F4ADC800119130 /* UIView+Weatherful.swift in Sources */ = {isa = PBXBuildFile; fileRef = 04C1130929F4ADC800119130 /* UIView+Weatherful.swift */; };
		04C1130C29F4ADD300119130 /* UILabel+Weatherful.swift in Sources */ = {isa = PBXBuildFile; fileRef = 04C1130B29F4ADD300119130 /* UILabel+Weatherful.swift */; };
		04C1130E29F4ADE000119130 /* UIImage+Weatherful.swift in Sources */ = {isa = PBXBuildFile; fileRef = 04C1130D29F4ADE000119130 /* UIImage+Weatherful.swift */; };
		04C1131029F4ADF100119130 /* Fonts+Weatherful.swift in Sources */ = {isa = PBXBuildFile; fileRef = 04C1130F29F4ADF100119130 /* Fonts+Weatherful.swift */; };
		04C1131229F4AF5F00119130 /* String+Weatherful.swift in Sources */ = {isa = PBXBuildFile; fileRef = 04C1131129F4AF5F00119130 /* String+Weatherful.swift */; };
		04C1131629F4D09F00119130 /* WeatherManager.swift in Sources */ = {isa = PBXBuildFile; fileRef = 04C1131529F4D09F00119130 /* WeatherManager.swift */; };
		04C1131829F4D0A900119130 /* WeatherModel.swift in Sources */ = {isa = PBXBuildFile; fileRef = 04C1131729F4D0A900119130 /* WeatherModel.swift */; };
		04C1131A29F4D0B000119130 /* WeatherData.swift in Sources */ = {isa = PBXBuildFile; fileRef = 04C1131929F4D0B000119130 /* WeatherData.swift */; };
		04D262D529F5CC0B00233FAF /* clear-day.json in Resources */ = {isa = PBXBuildFile; fileRef = 04D262D429F5CC0B00233FAF /* clear-day.json */; };
		04D262D929F5CD2D00233FAF /* partly-cloudy-day.json in Resources */ = {isa = PBXBuildFile; fileRef = 04D262D829F5CD2D00233FAF /* partly-cloudy-day.json */; };
		04D262DB29F5CD9500233FAF /* cloudy.json in Resources */ = {isa = PBXBuildFile; fileRef = 04D262DA29F5CD9500233FAF /* cloudy.json */; };
		04D262DF29F5CF4A00233FAF /* overcast.json in Resources */ = {isa = PBXBuildFile; fileRef = 04D262DE29F5CF4A00233FAF /* overcast.json */; };
		04D262E129F5CF5500233FAF /* overcast.svg in Resources */ = {isa = PBXBuildFile; fileRef = 04D262E029F5CF5500233FAF /* overcast.svg */; };
		04D262E329F5CF5C00233FAF /* partly-cloudy-day.svg in Resources */ = {isa = PBXBuildFile; fileRef = 04D262E229F5CF5C00233FAF /* partly-cloudy-day.svg */; };
		04D262E529F5CF6100233FAF /* cloudy.svg in Resources */ = {isa = PBXBuildFile; fileRef = 04D262E429F5CF6100233FAF /* cloudy.svg */; };
		04D262E729F5CF6600233FAF /* clear-day.svg in Resources */ = {isa = PBXBuildFile; fileRef = 04D262E629F5CF6600233FAF /* clear-day.svg */; };
		04D262EC29F5CFE300233FAF /* clear-night.svg in Resources */ = {isa = PBXBuildFile; fileRef = 04D262EB29F5CFE300233FAF /* clear-night.svg */; };
		04D262EE29F5CFEE00233FAF /* clear-night.json in Resources */ = {isa = PBXBuildFile; fileRef = 04D262ED29F5CFEE00233FAF /* clear-night.json */; };
		04D262F029F5D00700233FAF /* partly-cloudy-night.svg in Resources */ = {isa = PBXBuildFile; fileRef = 04D262EF29F5D00700233FAF /* partly-cloudy-night.svg */; };
		04D262F229F5D02A00233FAF /* partly-cloudy-night.json in Resources */ = {isa = PBXBuildFile; fileRef = 04D262F129F5D02A00233FAF /* partly-cloudy-night.json */; };
		04D262F829F5D0A100233FAF /* tornado.svg in Resources */ = {isa = PBXBuildFile; fileRef = 04D262F729F5D0A100233FAF /* tornado.svg */; };
		04D262FA29F5D0B100233FAF /* tornado.json in Resources */ = {isa = PBXBuildFile; fileRef = 04D262F929F5D0B100233FAF /* tornado.json */; };
		04D262FC29F5D16600233FAF /* wind.svg in Resources */ = {isa = PBXBuildFile; fileRef = 04D262FB29F5D16600233FAF /* wind.svg */; };
		04D262FE29F5D17A00233FAF /* wind.json in Resources */ = {isa = PBXBuildFile; fileRef = 04D262FD29F5D17A00233FAF /* wind.json */; };
		04D2630029F5D2A800233FAF /* dust.svg in Resources */ = {isa = PBXBuildFile; fileRef = 04D262FF29F5D2A800233FAF /* dust.svg */; };
		04D2630229F5D2C400233FAF /* dust.json in Resources */ = {isa = PBXBuildFile; fileRef = 04D2630129F5D2C400233FAF /* dust.json */; };
		04D2630429F5D30A00233FAF /* fog.svg in Resources */ = {isa = PBXBuildFile; fileRef = 04D2630329F5D30A00233FAF /* fog.svg */; };
		04D2630629F5D31400233FAF /* fog.json in Resources */ = {isa = PBXBuildFile; fileRef = 04D2630529F5D31400233FAF /* fog.json */; };
		04D2630829F5D35800233FAF /* dust-wind.svg in Resources */ = {isa = PBXBuildFile; fileRef = 04D2630729F5D35800233FAF /* dust-wind.svg */; };
		04D2630A29F5D36800233FAF /* dust-wind.json in Resources */ = {isa = PBXBuildFile; fileRef = 04D2630929F5D36800233FAF /* dust-wind.json */; };
		04D2630C29F5D38300233FAF /* haze.svg in Resources */ = {isa = PBXBuildFile; fileRef = 04D2630B29F5D38300233FAF /* haze.svg */; };
		04D2630E29F5D38F00233FAF /* haze.json in Resources */ = {isa = PBXBuildFile; fileRef = 04D2630D29F5D38F00233FAF /* haze.json */; };
		04D2631029F5D3A800233FAF /* smoke.svg in Resources */ = {isa = PBXBuildFile; fileRef = 04D2630F29F5D3A800233FAF /* smoke.svg */; };
		04D2631229F5D3B500233FAF /* smoke.json in Resources */ = {isa = PBXBuildFile; fileRef = 04D2631129F5D3B500233FAF /* smoke.json */; };
		04D2631429F5D3E000233FAF /* mist.svg in Resources */ = {isa = PBXBuildFile; fileRef = 04D2631329F5D3E000233FAF /* mist.svg */; };
		04D2631629F5D3ED00233FAF /* mist.json in Resources */ = {isa = PBXBuildFile; fileRef = 04D2631529F5D3ED00233FAF /* mist.json */; };
		04D2631829F5D64300233FAF /* snow.svg in Resources */ = {isa = PBXBuildFile; fileRef = 04D2631729F5D64300233FAF /* snow.svg */; };
		04D2631A29F5D65000233FAF /* snow.json in Resources */ = {isa = PBXBuildFile; fileRef = 04D2631929F5D65000233FAF /* snow.json */; };
		04D2631C29F5D79300233FAF /* sleet.svg in Resources */ = {isa = PBXBuildFile; fileRef = 04D2631B29F5D79300233FAF /* sleet.svg */; };
		04D2632129F5D81400233FAF /* rain.svg in Resources */ = {isa = PBXBuildFile; fileRef = 04D2632029F5D81400233FAF /* rain.svg */; };
		04D2632329F5D81C00233FAF /* rain.json in Resources */ = {isa = PBXBuildFile; fileRef = 04D2632229F5D81C00233FAF /* rain.json */; };
		04D2632529F5D84400233FAF /* drizzle.svg in Resources */ = {isa = PBXBuildFile; fileRef = 04D2632429F5D84400233FAF /* drizzle.svg */; };
		04D2632729F5D84E00233FAF /* drizzle.json in Resources */ = {isa = PBXBuildFile; fileRef = 04D2632629F5D84E00233FAF /* drizzle.json */; };
		04D2632929F5D8D200233FAF /* thunderstorms-rain.svg in Resources */ = {isa = PBXBuildFile; fileRef = 04D2632829F5D8D200233FAF /* thunderstorms-rain.svg */; };
		04D2632B29F5D8EA00233FAF /* thunderstorms-rain.json in Resources */ = {isa = PBXBuildFile; fileRef = 04D2632A29F5D8EA00233FAF /* thunderstorms-rain.json */; };
		04D2632D29F5D8EF00233FAF /* thunderstorms.svg in Resources */ = {isa = PBXBuildFile; fileRef = 04D2632C29F5D8EF00233FAF /* thunderstorms.svg */; };
		04D2632F29F5D8F600233FAF /* thunderstorms.json in Resources */ = {isa = PBXBuildFile; fileRef = 04D2632E29F5D8F600233FAF /* thunderstorms.json */; };
		04D2633129F5DB2C00233FAF /* not-available-day.json in Resources */ = {isa = PBXBuildFile; fileRef = 04D2633029F5DB2C00233FAF /* not-available-day.json */; };
		04D2633329F5DBCF00233FAF /* not-available-night.json in Resources */ = {isa = PBXBuildFile; fileRef = 04D2633229F5DBCF00233FAF /* not-available-night.json */; };
		04D2633529F5DBE300233FAF /* not-available-day.svg in Resources */ = {isa = PBXBuildFile; fileRef = 04D2633429F5DBE300233FAF /* not-available-day.svg */; };
		04D2633729F5DBEC00233FAF /* not-available-night.svg in Resources */ = {isa = PBXBuildFile; fileRef = 04D2633629F5DBEC00233FAF /* not-available-night.svg */; };
		C5649DAD3502BD3DF01C988C /* Pods_Weatherful.framework in Frameworks */ = {isa = PBXBuildFile; fileRef = 4ED34BEEAC5C806A91A4497D /* Pods_Weatherful.framework */; };
/* End PBXBuildFile section */

/* Begin PBXFileReference section */
		040D8EF82A14894600AFC003 /* sleet.json */ = {isa = PBXFileReference; fileEncoding = 4; lastKnownFileType = text.json; path = sleet.json; sourceTree = "<group>"; };
		041200D52A1057E3007EF637 /* ForecastVC.swift */ = {isa = PBXFileReference; lastKnownFileType = sourcecode.swift; path = ForecastVC.swift; sourceTree = "<group>"; };
		041200D72A105A65007EF637 /* UIImageView+Weatherful.swift */ = {isa = PBXFileReference; lastKnownFileType = sourcecode.swift; path = "UIImageView+Weatherful.swift"; sourceTree = "<group>"; };
		041200D92A106F1A007EF637 /* ForecastDetailCell.swift */ = {isa = PBXFileReference; lastKnownFileType = sourcecode.swift; path = ForecastDetailCell.swift; sourceTree = "<group>"; };
		041200DA2A106F1A007EF637 /* ForecastDetailCell.xib */ = {isa = PBXFileReference; lastKnownFileType = file.xib; path = ForecastDetailCell.xib; sourceTree = "<group>"; };
		041200DD2A109C95007EF637 /* ForecastHeaderCell.swift */ = {isa = PBXFileReference; lastKnownFileType = sourcecode.swift; path = ForecastHeaderCell.swift; sourceTree = "<group>"; };
		041200DE2A109C95007EF637 /* ForecastHeaderCell.xib */ = {isa = PBXFileReference; lastKnownFileType = file.xib; path = ForecastHeaderCell.xib; sourceTree = "<group>"; };
		041200E12A10B88A007EF637 /* ForecastDetailVC.swift */ = {isa = PBXFileReference; lastKnownFileType = sourcecode.swift; path = ForecastDetailVC.swift; sourceTree = "<group>"; };
		041200E52A11A1D8007EF637 /* WeatherfulDate.swift */ = {isa = PBXFileReference; lastKnownFileType = sourcecode.swift; path = WeatherfulDate.swift; sourceTree = "<group>"; };
		0440BAD529F8E7EE0057098E /* DateCell.swift */ = {isa = PBXFileReference; lastKnownFileType = sourcecode.swift; path = DateCell.swift; sourceTree = "<group>"; };
		0440BAD629F8E7EE0057098E /* DateCell.xib */ = {isa = PBXFileReference; lastKnownFileType = file.xib; path = DateCell.xib; sourceTree = "<group>"; };
		0440BAD929F8E8050057098E /* ForecastCell.swift */ = {isa = PBXFileReference; lastKnownFileType = sourcecode.swift; path = ForecastCell.swift; sourceTree = "<group>"; };
		0440BADA29F8E8050057098E /* ForecastCell.xib */ = {isa = PBXFileReference; lastKnownFileType = file.xib; path = ForecastCell.xib; sourceTree = "<group>"; };
		0440BADF29F8E9710057098E /* Constants.swift */ = {isa = PBXFileReference; lastKnownFileType = sourcecode.swift; path = Constants.swift; sourceTree = "<group>"; };
		0440BAE229F9F3260057098E /* SF-Pro-Text-Semibold.otf */ = {isa = PBXFileReference; lastKnownFileType = file; path = "SF-Pro-Text-Semibold.otf"; sourceTree = "<group>"; };
		0440BAE429FA0BDC0057098E /* SF-Pro-Text-Heavy.otf */ = {isa = PBXFileReference; lastKnownFileType = file; name = "SF-Pro-Text-Heavy.otf"; path = "../../../../Documents/_TO BE SORTED/_Programming/Fonts/SF Pro/SF-Pro-Text-Heavy.otf"; sourceTree = "<group>"; };
		0440BAE629FA0C3B0057098E /* SF-Pro-Text-Black.otf */ = {isa = PBXFileReference; lastKnownFileType = file; name = "SF-Pro-Text-Black.otf"; path = "../../../../Documents/_TO BE SORTED/_Programming/Projects/Proudful/resources_proudful/San Francisco Pro/SF-Pro-Text-Black.otf"; sourceTree = "<group>"; };
		0440BAE82A0C8C8A0057098E /* ForecastModel.swift */ = {isa = PBXFileReference; lastKnownFileType = sourcecode.swift; path = ForecastModel.swift; sourceTree = "<group>"; };
		0440BAEA2A0C8D1F0057098E /* ForecastData.swift */ = {isa = PBXFileReference; lastKnownFileType = sourcecode.swift; path = ForecastData.swift; sourceTree = "<group>"; };
		04C1128429F47C9900119130 /* Weatherful.app */ = {isa = PBXFileReference; explicitFileType = wrapper.application; includeInIndex = 0; path = Weatherful.app; sourceTree = BUILT_PRODUCTS_DIR; };
		04C1128729F47C9900119130 /* AppDelegate.swift */ = {isa = PBXFileReference; lastKnownFileType = sourcecode.swift; path = AppDelegate.swift; sourceTree = "<group>"; };
		04C1128929F47C9900119130 /* SceneDelegate.swift */ = {isa = PBXFileReference; lastKnownFileType = sourcecode.swift; path = SceneDelegate.swift; sourceTree = "<group>"; };
		04C1128B29F47C9900119130 /* MainVC.swift */ = {isa = PBXFileReference; lastKnownFileType = sourcecode.swift; path = MainVC.swift; sourceTree = "<group>"; };
		04C1128E29F47C9900119130 /* Base */ = {isa = PBXFileReference; lastKnownFileType = file.storyboard; name = Base; path = Base.lproj/Main.storyboard; sourceTree = "<group>"; };
		04C1129029F47C9A00119130 /* Assets.xcassets */ = {isa = PBXFileReference; lastKnownFileType = folder.assetcatalog; path = Assets.xcassets; sourceTree = "<group>"; };
		04C1129329F47C9A00119130 /* Base */ = {isa = PBXFileReference; lastKnownFileType = file.storyboard; name = Base; path = Base.lproj/LaunchScreen.storyboard; sourceTree = "<group>"; };
		04C1129529F47C9A00119130 /* Info.plist */ = {isa = PBXFileReference; lastKnownFileType = text.plist.xml; path = Info.plist; sourceTree = "<group>"; };
		04C1129E29F47C9A00119130 /* WeatherfulTests.swift */ = {isa = PBXFileReference; lastKnownFileType = sourcecode.swift; path = WeatherfulTests.swift; sourceTree = "<group>"; };
		04C112A829F47C9A00119130 /* WeatherfulUITests.swift */ = {isa = PBXFileReference; lastKnownFileType = sourcecode.swift; path = WeatherfulUITests.swift; sourceTree = "<group>"; };
		04C112AA29F47C9A00119130 /* WeatherfulUITestsLaunchTests.swift */ = {isa = PBXFileReference; lastKnownFileType = sourcecode.swift; path = WeatherfulUITestsLaunchTests.swift; sourceTree = "<group>"; };
		04C112C129F4AC3300119130 /* SF-Pro-Text-Regular.otf */ = {isa = PBXFileReference; lastKnownFileType = file; path = "SF-Pro-Text-Regular.otf"; sourceTree = "<group>"; };
		04C112C329F4AC3300119130 /* SF-Pro-Text-Medium.otf */ = {isa = PBXFileReference; lastKnownFileType = file; path = "SF-Pro-Text-Medium.otf"; sourceTree = "<group>"; };
		04C112C729F4AC3400119130 /* SF-Pro-Text-Bold.otf */ = {isa = PBXFileReference; lastKnownFileType = file; path = "SF-Pro-Text-Bold.otf"; sourceTree = "<group>"; };
		04C1130729F4ADBE00119130 /* UIColor+Weatherful.swift */ = {isa = PBXFileReference; lastKnownFileType = sourcecode.swift; path = "UIColor+Weatherful.swift"; sourceTree = "<group>"; };
		04C1130929F4ADC800119130 /* UIView+Weatherful.swift */ = {isa = PBXFileReference; lastKnownFileType = sourcecode.swift; path = "UIView+Weatherful.swift"; sourceTree = "<group>"; };
		04C1130B29F4ADD300119130 /* UILabel+Weatherful.swift */ = {isa = PBXFileReference; lastKnownFileType = sourcecode.swift; path = "UILabel+Weatherful.swift"; sourceTree = "<group>"; };
		04C1130D29F4ADE000119130 /* UIImage+Weatherful.swift */ = {isa = PBXFileReference; lastKnownFileType = sourcecode.swift; path = "UIImage+Weatherful.swift"; sourceTree = "<group>"; };
		04C1130F29F4ADF100119130 /* Fonts+Weatherful.swift */ = {isa = PBXFileReference; lastKnownFileType = sourcecode.swift; path = "Fonts+Weatherful.swift"; sourceTree = "<group>"; };
		04C1131129F4AF5F00119130 /* String+Weatherful.swift */ = {isa = PBXFileReference; lastKnownFileType = sourcecode.swift; path = "String+Weatherful.swift"; sourceTree = "<group>"; };
		04C1131529F4D09F00119130 /* WeatherManager.swift */ = {isa = PBXFileReference; lastKnownFileType = sourcecode.swift; path = WeatherManager.swift; sourceTree = "<group>"; };
		04C1131729F4D0A900119130 /* WeatherModel.swift */ = {isa = PBXFileReference; lastKnownFileType = sourcecode.swift; path = WeatherModel.swift; sourceTree = "<group>"; };
		04C1131929F4D0B000119130 /* WeatherData.swift */ = {isa = PBXFileReference; lastKnownFileType = sourcecode.swift; path = WeatherData.swift; sourceTree = "<group>"; };
		04D262D429F5CC0B00233FAF /* clear-day.json */ = {isa = PBXFileReference; fileEncoding = 4; lastKnownFileType = text.json; path = "clear-day.json"; sourceTree = "<group>"; };
		04D262D829F5CD2D00233FAF /* partly-cloudy-day.json */ = {isa = PBXFileReference; fileEncoding = 4; lastKnownFileType = text.json; path = "partly-cloudy-day.json"; sourceTree = "<group>"; };
		04D262DA29F5CD9500233FAF /* cloudy.json */ = {isa = PBXFileReference; fileEncoding = 4; lastKnownFileType = text.json; path = cloudy.json; sourceTree = "<group>"; };
		04D262DE29F5CF4A00233FAF /* overcast.json */ = {isa = PBXFileReference; fileEncoding = 4; lastKnownFileType = text.json; path = overcast.json; sourceTree = "<group>"; };
		04D262E029F5CF5500233FAF /* overcast.svg */ = {isa = PBXFileReference; fileEncoding = 4; lastKnownFileType = text; path = overcast.svg; sourceTree = "<group>"; };
		04D262E229F5CF5C00233FAF /* partly-cloudy-day.svg */ = {isa = PBXFileReference; fileEncoding = 4; lastKnownFileType = text; path = "partly-cloudy-day.svg"; sourceTree = "<group>"; };
		04D262E429F5CF6100233FAF /* cloudy.svg */ = {isa = PBXFileReference; fileEncoding = 4; lastKnownFileType = text; path = cloudy.svg; sourceTree = "<group>"; };
		04D262E629F5CF6600233FAF /* clear-day.svg */ = {isa = PBXFileReference; fileEncoding = 4; lastKnownFileType = text; path = "clear-day.svg"; sourceTree = "<group>"; };
		04D262EB29F5CFE300233FAF /* clear-night.svg */ = {isa = PBXFileReference; fileEncoding = 4; lastKnownFileType = text; path = "clear-night.svg"; sourceTree = "<group>"; };
		04D262ED29F5CFEE00233FAF /* clear-night.json */ = {isa = PBXFileReference; fileEncoding = 4; lastKnownFileType = text.json; path = "clear-night.json"; sourceTree = "<group>"; };
		04D262EF29F5D00700233FAF /* partly-cloudy-night.svg */ = {isa = PBXFileReference; fileEncoding = 4; lastKnownFileType = text; path = "partly-cloudy-night.svg"; sourceTree = "<group>"; };
		04D262F129F5D02A00233FAF /* partly-cloudy-night.json */ = {isa = PBXFileReference; fileEncoding = 4; lastKnownFileType = text.json; path = "partly-cloudy-night.json"; sourceTree = "<group>"; };
		04D262F729F5D0A100233FAF /* tornado.svg */ = {isa = PBXFileReference; fileEncoding = 4; lastKnownFileType = text; path = tornado.svg; sourceTree = "<group>"; };
		04D262F929F5D0B100233FAF /* tornado.json */ = {isa = PBXFileReference; fileEncoding = 4; lastKnownFileType = text.json; path = tornado.json; sourceTree = "<group>"; };
		04D262FB29F5D16600233FAF /* wind.svg */ = {isa = PBXFileReference; fileEncoding = 4; lastKnownFileType = text; path = wind.svg; sourceTree = "<group>"; };
		04D262FD29F5D17A00233FAF /* wind.json */ = {isa = PBXFileReference; fileEncoding = 4; lastKnownFileType = text.json; path = wind.json; sourceTree = "<group>"; };
		04D262FF29F5D2A800233FAF /* dust.svg */ = {isa = PBXFileReference; fileEncoding = 4; lastKnownFileType = text; path = dust.svg; sourceTree = "<group>"; };
		04D2630129F5D2C400233FAF /* dust.json */ = {isa = PBXFileReference; fileEncoding = 4; lastKnownFileType = text.json; path = dust.json; sourceTree = "<group>"; };
		04D2630329F5D30A00233FAF /* fog.svg */ = {isa = PBXFileReference; fileEncoding = 4; lastKnownFileType = text; path = fog.svg; sourceTree = "<group>"; };
		04D2630529F5D31400233FAF /* fog.json */ = {isa = PBXFileReference; fileEncoding = 4; lastKnownFileType = text.json; path = fog.json; sourceTree = "<group>"; };
		04D2630729F5D35800233FAF /* dust-wind.svg */ = {isa = PBXFileReference; fileEncoding = 4; lastKnownFileType = text; path = "dust-wind.svg"; sourceTree = "<group>"; };
		04D2630929F5D36800233FAF /* dust-wind.json */ = {isa = PBXFileReference; fileEncoding = 4; lastKnownFileType = text.json; path = "dust-wind.json"; sourceTree = "<group>"; };
		04D2630B29F5D38300233FAF /* haze.svg */ = {isa = PBXFileReference; fileEncoding = 4; lastKnownFileType = text; path = haze.svg; sourceTree = "<group>"; };
		04D2630D29F5D38F00233FAF /* haze.json */ = {isa = PBXFileReference; fileEncoding = 4; lastKnownFileType = text.json; path = haze.json; sourceTree = "<group>"; };
		04D2630F29F5D3A800233FAF /* smoke.svg */ = {isa = PBXFileReference; fileEncoding = 4; lastKnownFileType = text; path = smoke.svg; sourceTree = "<group>"; };
		04D2631129F5D3B500233FAF /* smoke.json */ = {isa = PBXFileReference; fileEncoding = 4; lastKnownFileType = text.json; path = smoke.json; sourceTree = "<group>"; };
		04D2631329F5D3E000233FAF /* mist.svg */ = {isa = PBXFileReference; fileEncoding = 4; lastKnownFileType = text; path = mist.svg; sourceTree = "<group>"; };
		04D2631529F5D3ED00233FAF /* mist.json */ = {isa = PBXFileReference; fileEncoding = 4; lastKnownFileType = text.json; path = mist.json; sourceTree = "<group>"; };
		04D2631729F5D64300233FAF /* snow.svg */ = {isa = PBXFileReference; fileEncoding = 4; lastKnownFileType = text; path = snow.svg; sourceTree = "<group>"; };
		04D2631929F5D65000233FAF /* snow.json */ = {isa = PBXFileReference; fileEncoding = 4; lastKnownFileType = text.json; path = snow.json; sourceTree = "<group>"; };
		04D2631B29F5D79300233FAF /* sleet.svg */ = {isa = PBXFileReference; fileEncoding = 4; lastKnownFileType = text; path = sleet.svg; sourceTree = "<group>"; };
		04D2632029F5D81400233FAF /* rain.svg */ = {isa = PBXFileReference; fileEncoding = 4; lastKnownFileType = text; path = rain.svg; sourceTree = "<group>"; };
		04D2632229F5D81C00233FAF /* rain.json */ = {isa = PBXFileReference; fileEncoding = 4; lastKnownFileType = text.json; path = rain.json; sourceTree = "<group>"; };
		04D2632429F5D84400233FAF /* drizzle.svg */ = {isa = PBXFileReference; fileEncoding = 4; lastKnownFileType = text; path = drizzle.svg; sourceTree = "<group>"; };
		04D2632629F5D84E00233FAF /* drizzle.json */ = {isa = PBXFileReference; fileEncoding = 4; lastKnownFileType = text.json; path = drizzle.json; sourceTree = "<group>"; };
		04D2632829F5D8D200233FAF /* thunderstorms-rain.svg */ = {isa = PBXFileReference; fileEncoding = 4; lastKnownFileType = text; path = "thunderstorms-rain.svg"; sourceTree = "<group>"; };
		04D2632A29F5D8EA00233FAF /* thunderstorms-rain.json */ = {isa = PBXFileReference; fileEncoding = 4; lastKnownFileType = text.json; path = "thunderstorms-rain.json"; sourceTree = "<group>"; };
		04D2632C29F5D8EF00233FAF /* thunderstorms.svg */ = {isa = PBXFileReference; fileEncoding = 4; lastKnownFileType = text; path = thunderstorms.svg; sourceTree = "<group>"; };
		04D2632E29F5D8F600233FAF /* thunderstorms.json */ = {isa = PBXFileReference; fileEncoding = 4; lastKnownFileType = text.json; path = thunderstorms.json; sourceTree = "<group>"; };
		04D2633029F5DB2C00233FAF /* not-available-day.json */ = {isa = PBXFileReference; fileEncoding = 4; lastKnownFileType = text.json; path = "not-available-day.json"; sourceTree = "<group>"; };
		04D2633229F5DBCF00233FAF /* not-available-night.json */ = {isa = PBXFileReference; fileEncoding = 4; lastKnownFileType = text.json; path = "not-available-night.json"; sourceTree = "<group>"; };
		04D2633429F5DBE300233FAF /* not-available-day.svg */ = {isa = PBXFileReference; fileEncoding = 4; lastKnownFileType = text; path = "not-available-day.svg"; sourceTree = "<group>"; };
		04D2633629F5DBEC00233FAF /* not-available-night.svg */ = {isa = PBXFileReference; fileEncoding = 4; lastKnownFileType = text; path = "not-available-night.svg"; sourceTree = "<group>"; };
		4D4D35A9F135001836506D95 /* Pods-Weatherful.debug.xcconfig */ = {isa = PBXFileReference; includeInIndex = 1; lastKnownFileType = text.xcconfig; name = "Pods-Weatherful.debug.xcconfig"; path = "Target Support Files/Pods-Weatherful/Pods-Weatherful.debug.xcconfig"; sourceTree = "<group>"; };
		4ED34BEEAC5C806A91A4497D /* Pods_Weatherful.framework */ = {isa = PBXFileReference; explicitFileType = wrapper.framework; includeInIndex = 0; path = Pods_Weatherful.framework; sourceTree = BUILT_PRODUCTS_DIR; };
		7956FDAD574CB8A11DE037EE /* Pods-Weatherful.release.xcconfig */ = {isa = PBXFileReference; includeInIndex = 1; lastKnownFileType = text.xcconfig; name = "Pods-Weatherful.release.xcconfig"; path = "Target Support Files/Pods-Weatherful/Pods-Weatherful.release.xcconfig"; sourceTree = "<group>"; };
/* End PBXFileReference section */

/* Begin PBXFrameworksBuildPhase section */
		04C1128129F47C9900119130 /* Frameworks */ = {
			isa = PBXFrameworksBuildPhase;
			buildActionMask = 2147483647;
			files = (
				C5649DAD3502BD3DF01C988C /* Pods_Weatherful.framework in Frameworks */,
			);
			runOnlyForDeploymentPostprocessing = 0;
		};
/* End PBXFrameworksBuildPhase section */

/* Begin PBXGroup section */
		04C1127B29F47C9900119130 = {
			isa = PBXGroup;
			children = (
				04C1128629F47C9900119130 /* Weatherful */,
				04C1129D29F47C9A00119130 /* WeatherfulTests */,
				04C112A729F47C9A00119130 /* WeatherfulUITests */,
				04C1128529F47C9900119130 /* Products */,
				2B736A280E5EDB48C2B8DA11 /* Pods */,
				7C0C7FBA4D483D4E7C1280A1 /* Frameworks */,
			);
			sourceTree = "<group>";
		};
		04C1128529F47C9900119130 /* Products */ = {
			isa = PBXGroup;
			children = (
				04C1128429F47C9900119130 /* Weatherful.app */,
			);
			name = Products;
			sourceTree = "<group>";
		};
		04C1128629F47C9900119130 /* Weatherful */ = {
			isa = PBXGroup;
			children = (
				04C1128729F47C9900119130 /* AppDelegate.swift */,
				04C1128929F47C9900119130 /* SceneDelegate.swift */,
				04C1129529F47C9A00119130 /* Info.plist */,
				04C1131B29F4D0B600119130 /* Model */,
				04C1131429F4CFF000119130 /* View */,
				04C112B829F4AB6700119130 /* Controller */,
				04C1130329F4AD7200119130 /* Extension */,
				04C1130429F4AD7800119130 /* Assets */,
				04C112B729F4AB5A00119130 /* Fonts */,
				0440BADF29F8E9710057098E /* Constants.swift */,
			);
			path = Weatherful;
			sourceTree = "<group>";
		};
		04C1129D29F47C9A00119130 /* WeatherfulTests */ = {
			isa = PBXGroup;
			children = (
				04C1129E29F47C9A00119130 /* WeatherfulTests.swift */,
			);
			path = WeatherfulTests;
			sourceTree = "<group>";
		};
		04C112A729F47C9A00119130 /* WeatherfulUITests */ = {
			isa = PBXGroup;
			children = (
				04C112A829F47C9A00119130 /* WeatherfulUITests.swift */,
				04C112AA29F47C9A00119130 /* WeatherfulUITestsLaunchTests.swift */,
			);
			path = WeatherfulUITests;
			sourceTree = "<group>";
		};
		04C112B729F4AB5A00119130 /* Fonts */ = {
			isa = PBXGroup;
			children = (
				0440BAE629FA0C3B0057098E /* SF-Pro-Text-Black.otf */,
				0440BAE429FA0BDC0057098E /* SF-Pro-Text-Heavy.otf */,
				04C112C729F4AC3400119130 /* SF-Pro-Text-Bold.otf */,
				0440BAE229F9F3260057098E /* SF-Pro-Text-Semibold.otf */,
				04C112C329F4AC3300119130 /* SF-Pro-Text-Medium.otf */,
				04C112C129F4AC3300119130 /* SF-Pro-Text-Regular.otf */,
			);
			path = Fonts;
			sourceTree = "<group>";
		};
		04C112B829F4AB6700119130 /* Controller */ = {
			isa = PBXGroup;
			children = (
				04C1128B29F47C9900119130 /* MainVC.swift */,
				041200D52A1057E3007EF637 /* ForecastVC.swift */,
				041200E12A10B88A007EF637 /* ForecastDetailVC.swift */,
			);
			path = Controller;
			sourceTree = "<group>";
		};
		04C1130329F4AD7200119130 /* Extension */ = {
			isa = PBXGroup;
			children = (
				04C1130F29F4ADF100119130 /* Fonts+Weatherful.swift */,
				04C1131129F4AF5F00119130 /* String+Weatherful.swift */,
				04C1130729F4ADBE00119130 /* UIColor+Weatherful.swift */,
				04C1130929F4ADC800119130 /* UIView+Weatherful.swift */,
				04C1130B29F4ADD300119130 /* UILabel+Weatherful.swift */,
				04C1130D29F4ADE000119130 /* UIImage+Weatherful.swift */,
				041200D72A105A65007EF637 /* UIImageView+Weatherful.swift */,
			);
			path = Extension;
			sourceTree = "<group>";
		};
		04C1130429F4AD7800119130 /* Assets */ = {
			isa = PBXGroup;
			children = (
				04C1129029F47C9A00119130 /* Assets.xcassets */,
				04D262EA29F5CF9000233FAF /* SVG Assets Day */,
				04D262E929F5CF8A00233FAF /* SVG Assets Night */,
				04D262CF29F5CA2D00233FAF /* Lottie Assets Day */,
				04D262E829F5CF8100233FAF /* Lottie Assets Night */,
			);
			path = Assets;
			sourceTree = "<group>";
		};
		04C1131429F4CFF000119130 /* View */ = {
			isa = PBXGroup;
			children = (
				04C1129229F47C9A00119130 /* LaunchScreen.storyboard */,
				04C1128D29F47C9900119130 /* Main.storyboard */,
				0440BAD529F8E7EE0057098E /* DateCell.swift */,
				0440BAD629F8E7EE0057098E /* DateCell.xib */,
				0440BAD929F8E8050057098E /* ForecastCell.swift */,
				0440BADA29F8E8050057098E /* ForecastCell.xib */,
				041200DD2A109C95007EF637 /* ForecastHeaderCell.swift */,
				041200DE2A109C95007EF637 /* ForecastHeaderCell.xib */,
				041200D92A106F1A007EF637 /* ForecastDetailCell.swift */,
				041200DA2A106F1A007EF637 /* ForecastDetailCell.xib */,
			);
			path = View;
			sourceTree = "<group>";
		};
		04C1131B29F4D0B600119130 /* Model */ = {
			isa = PBXGroup;
			children = (
				04C1131529F4D09F00119130 /* WeatherManager.swift */,
				04C1131929F4D0B000119130 /* WeatherData.swift */,
				0440BAEA2A0C8D1F0057098E /* ForecastData.swift */,
				04C1131729F4D0A900119130 /* WeatherModel.swift */,
				0440BAE82A0C8C8A0057098E /* ForecastModel.swift */,
				041200E52A11A1D8007EF637 /* WeatherfulDate.swift */,
			);
			path = Model;
			sourceTree = "<group>";
		};
		04D262CF29F5CA2D00233FAF /* Lottie Assets Day */ = {
			isa = PBXGroup;
			children = (
				04D262D429F5CC0B00233FAF /* clear-day.json */,
				04D262E629F5CF6600233FAF /* clear-day.svg */,
				04D262D829F5CD2D00233FAF /* partly-cloudy-day.json */,
				04D262E229F5CF5C00233FAF /* partly-cloudy-day.svg */,
				04D262DA29F5CD9500233FAF /* cloudy.json */,
				04D262E429F5CF6100233FAF /* cloudy.svg */,
				04D262DE29F5CF4A00233FAF /* overcast.json */,
				04D262E029F5CF5500233FAF /* overcast.svg */,
				04D262F929F5D0B100233FAF /* tornado.json */,
				04D262F729F5D0A100233FAF /* tornado.svg */,
				04D262FD29F5D17A00233FAF /* wind.json */,
				04D262FB29F5D16600233FAF /* wind.svg */,
				04D2630129F5D2C400233FAF /* dust.json */,
				04D262FF29F5D2A800233FAF /* dust.svg */,
				04D2630529F5D31400233FAF /* fog.json */,
				04D2630329F5D30A00233FAF /* fog.svg */,
				04D2630929F5D36800233FAF /* dust-wind.json */,
				04D2630729F5D35800233FAF /* dust-wind.svg */,
				04D2630D29F5D38F00233FAF /* haze.json */,
				04D2630B29F5D38300233FAF /* haze.svg */,
				04D2631129F5D3B500233FAF /* smoke.json */,
				04D2630F29F5D3A800233FAF /* smoke.svg */,
				04D2631529F5D3ED00233FAF /* mist.json */,
				04D2631329F5D3E000233FAF /* mist.svg */,
				04D2631929F5D65000233FAF /* snow.json */,
				04D2631729F5D64300233FAF /* snow.svg */,
				040D8EF82A14894600AFC003 /* sleet.json */,
				04D2631B29F5D79300233FAF /* sleet.svg */,
				04D2632229F5D81C00233FAF /* rain.json */,
				04D2632029F5D81400233FAF /* rain.svg */,
				04D2632629F5D84E00233FAF /* drizzle.json */,
				04D2632429F5D84400233FAF /* drizzle.svg */,
				04D2632A29F5D8EA00233FAF /* thunderstorms-rain.json */,
				04D2632829F5D8D200233FAF /* thunderstorms-rain.svg */,
				04D2632E29F5D8F600233FAF /* thunderstorms.json */,
				04D2632C29F5D8EF00233FAF /* thunderstorms.svg */,
				04D2633029F5DB2C00233FAF /* not-available-day.json */,
				04D2633429F5DBE300233FAF /* not-available-day.svg */,
			);
			path = "Lottie Assets Day";
			sourceTree = "<group>";
		};
		04D262E829F5CF8100233FAF /* Lottie Assets Night */ = {
			isa = PBXGroup;
			children = (
				04D262ED29F5CFEE00233FAF /* clear-night.json */,
				04D262EB29F5CFE300233FAF /* clear-night.svg */,
				04D262F129F5D02A00233FAF /* partly-cloudy-night.json */,
				04D262EF29F5D00700233FAF /* partly-cloudy-night.svg */,
				04D2633229F5DBCF00233FAF /* not-available-night.json */,
				04D2633629F5DBEC00233FAF /* not-available-night.svg */,
			);
			path = "Lottie Assets Night";
			sourceTree = "<group>";
		};
		04D262E929F5CF8A00233FAF /* SVG Assets Night */ = {
			isa = PBXGroup;
			children = (
			);
			path = "SVG Assets Night";
			sourceTree = "<group>";
		};
		04D262EA29F5CF9000233FAF /* SVG Assets Day */ = {
			isa = PBXGroup;
			children = (
			);
			path = "SVG Assets Day";
			sourceTree = "<group>";
		};
		2B736A280E5EDB48C2B8DA11 /* Pods */ = {
			isa = PBXGroup;
			children = (
				4D4D35A9F135001836506D95 /* Pods-Weatherful.debug.xcconfig */,
				7956FDAD574CB8A11DE037EE /* Pods-Weatherful.release.xcconfig */,
			);
			path = Pods;
			sourceTree = "<group>";
		};
		7C0C7FBA4D483D4E7C1280A1 /* Frameworks */ = {
			isa = PBXGroup;
			children = (
				4ED34BEEAC5C806A91A4497D /* Pods_Weatherful.framework */,
			);
			name = Frameworks;
			sourceTree = "<group>";
		};
/* End PBXGroup section */

/* Begin PBXNativeTarget section */
		04C1128329F47C9900119130 /* Weatherful */ = {
			isa = PBXNativeTarget;
			buildConfigurationList = 04C112AE29F47C9A00119130 /* Build configuration list for PBXNativeTarget "Weatherful" */;
			buildPhases = (
				08545D8DCC3B3BC1BAD44991 /* [CP] Check Pods Manifest.lock */,
				04C1128029F47C9900119130 /* Sources */,
				04C1128129F47C9900119130 /* Frameworks */,
				04C1128229F47C9900119130 /* Resources */,
				EB4899A8CD33DCFFF3BB294A /* [CP] Embed Pods Frameworks */,
			);
			buildRules = (
			);
			dependencies = (
			);
			name = Weatherful;
			productName = Weatherful;
			productReference = 04C1128429F47C9900119130 /* Weatherful.app */;
			productType = "com.apple.product-type.application";
		};
/* End PBXNativeTarget section */

/* Begin PBXProject section */
		04C1127C29F47C9900119130 /* Project object */ = {
			isa = PBXProject;
			attributes = {
				BuildIndependentTargetsInParallel = 1;
				LastSwiftUpdateCheck = 1430;
				LastUpgradeCheck = 1430;
				TargetAttributes = {
					04C1128329F47C9900119130 = {
						CreatedOnToolsVersion = 14.3;
					};
				};
			};
			buildConfigurationList = 04C1127F29F47C9900119130 /* Build configuration list for PBXProject "Weatherful" */;
			compatibilityVersion = "Xcode 14.0";
			developmentRegion = en;
			hasScannedForEncodings = 0;
			knownRegions = (
				en,
				Base,
			);
			mainGroup = 04C1127B29F47C9900119130;
			productRefGroup = 04C1128529F47C9900119130 /* Products */;
			projectDirPath = "";
			projectRoot = "";
			targets = (
				04C1128329F47C9900119130 /* Weatherful */,
			);
		};
/* End PBXProject section */

/* Begin PBXResourcesBuildPhase section */
		04C1128229F47C9900119130 /* Resources */ = {
			isa = PBXResourcesBuildPhase;
			buildActionMask = 2147483647;
			files = (
				04D2631029F5D3A800233FAF /* smoke.svg in Resources */,
				041200DC2A106F1A007EF637 /* ForecastDetailCell.xib in Resources */,
				04D2630629F5D31400233FAF /* fog.json in Resources */,
				04D2630429F5D30A00233FAF /* fog.svg in Resources */,
				04C1129429F47C9A00119130 /* LaunchScreen.storyboard in Resources */,
				04D2630229F5D2C400233FAF /* dust.json in Resources */,
				04C112D929F4AC3400119130 /* SF-Pro-Text-Bold.otf in Resources */,
				04D2630A29F5D36800233FAF /* dust-wind.json in Resources */,
				04D2631429F5D3E000233FAF /* mist.svg in Resources */,
				04D262E129F5CF5500233FAF /* overcast.svg in Resources */,
				04D2630029F5D2A800233FAF /* dust.svg in Resources */,
				04D2633529F5DBE300233FAF /* not-available-day.svg in Resources */,
				04D2632F29F5D8F600233FAF /* thunderstorms.json in Resources */,
				0440BAE329F9F3260057098E /* SF-Pro-Text-Semibold.otf in Resources */,
				04D262DF29F5CF4A00233FAF /* overcast.json in Resources */,
				04D262E529F5CF6100233FAF /* cloudy.svg in Resources */,
				04D262FE29F5D17A00233FAF /* wind.json in Resources */,
				04D2632929F5D8D200233FAF /* thunderstorms-rain.svg in Resources */,
				04D2630E29F5D38F00233FAF /* haze.json in Resources */,
				0440BAE729FA0C3B0057098E /* SF-Pro-Text-Black.otf in Resources */,
				04D2631629F5D3ED00233FAF /* mist.json in Resources */,
				04D262E729F5CF6600233FAF /* clear-day.svg in Resources */,
				04D2632729F5D84E00233FAF /* drizzle.json in Resources */,
				04D262EE29F5CFEE00233FAF /* clear-night.json in Resources */,
				04D262DB29F5CD9500233FAF /* cloudy.json in Resources */,
				04D2630829F5D35800233FAF /* dust-wind.svg in Resources */,
				04D2633729F5DBEC00233FAF /* not-available-night.svg in Resources */,
				04D2633329F5DBCF00233FAF /* not-available-night.json in Resources */,
				04D2632329F5D81C00233FAF /* rain.json in Resources */,
				041200E02A109C95007EF637 /* ForecastHeaderCell.xib in Resources */,
				04D2631229F5D3B500233FAF /* smoke.json in Resources */,
				040D8EF92A14894600AFC003 /* sleet.json in Resources */,
				04D2631C29F5D79300233FAF /* sleet.svg in Resources */,
				04D262F229F5D02A00233FAF /* partly-cloudy-night.json in Resources */,
				04D262EC29F5CFE300233FAF /* clear-night.svg in Resources */,
				04D262FC29F5D16600233FAF /* wind.svg in Resources */,
				04D262D929F5CD2D00233FAF /* partly-cloudy-day.json in Resources */,
				04C1129129F47C9A00119130 /* Assets.xcassets in Resources */,
				04D262E329F5CF5C00233FAF /* partly-cloudy-day.svg in Resources */,
				04D262D529F5CC0B00233FAF /* clear-day.json in Resources */,
				04D2631829F5D64300233FAF /* snow.svg in Resources */,
				04D2632B29F5D8EA00233FAF /* thunderstorms-rain.json in Resources */,
				04D2631A29F5D65000233FAF /* snow.json in Resources */,
				04C112D329F4AC3400119130 /* SF-Pro-Text-Regular.otf in Resources */,
				04D262F829F5D0A100233FAF /* tornado.svg in Resources */,
				04C112D529F4AC3400119130 /* SF-Pro-Text-Medium.otf in Resources */,
				04D2633129F5DB2C00233FAF /* not-available-day.json in Resources */,
				04D262F029F5D00700233FAF /* partly-cloudy-night.svg in Resources */,
				0440BADC29F8E8050057098E /* ForecastCell.xib in Resources */,
				04C1128F29F47C9900119130 /* Main.storyboard in Resources */,
				04D2632D29F5D8EF00233FAF /* thunderstorms.svg in Resources */,
				0440BAD829F8E7EE0057098E /* DateCell.xib in Resources */,
				0440BAE529FA0BDC0057098E /* SF-Pro-Text-Heavy.otf in Resources */,
				04D2630C29F5D38300233FAF /* haze.svg in Resources */,
				04D2632129F5D81400233FAF /* rain.svg in Resources */,
				04D2632529F5D84400233FAF /* drizzle.svg in Resources */,
				04D262FA29F5D0B100233FAF /* tornado.json in Resources */,
			);
			runOnlyForDeploymentPostprocessing = 0;
		};
/* End PBXResourcesBuildPhase section */

/* Begin PBXShellScriptBuildPhase section */
		08545D8DCC3B3BC1BAD44991 /* [CP] Check Pods Manifest.lock */ = {
			isa = PBXShellScriptBuildPhase;
			buildActionMask = 2147483647;
			files = (
			);
			inputFileListPaths = (
			);
			inputPaths = (
				"${PODS_PODFILE_DIR_PATH}/Podfile.lock",
				"${PODS_ROOT}/Manifest.lock",
			);
			name = "[CP] Check Pods Manifest.lock";
			outputFileListPaths = (
			);
			outputPaths = (
				"$(DERIVED_FILE_DIR)/Pods-Weatherful-checkManifestLockResult.txt",
			);
			runOnlyForDeploymentPostprocessing = 0;
			shellPath = /bin/sh;
			shellScript = "diff \"${PODS_PODFILE_DIR_PATH}/Podfile.lock\" \"${PODS_ROOT}/Manifest.lock\" > /dev/null\nif [ $? != 0 ] ; then\n    # print error to STDERR\n    echo \"error: The sandbox is not in sync with the Podfile.lock. Run 'pod install' or update your CocoaPods installation.\" >&2\n    exit 1\nfi\n# This output is used by Xcode 'outputs' to avoid re-running this script phase.\necho \"SUCCESS\" > \"${SCRIPT_OUTPUT_FILE_0}\"\n";
			showEnvVarsInLog = 0;
		};
		EB4899A8CD33DCFFF3BB294A /* [CP] Embed Pods Frameworks */ = {
			isa = PBXShellScriptBuildPhase;
			buildActionMask = 2147483647;
			files = (
			);
			inputFileListPaths = (
				"${PODS_ROOT}/Target Support Files/Pods-Weatherful/Pods-Weatherful-frameworks-${CONFIGURATION}-input-files.xcfilelist",
			);
			name = "[CP] Embed Pods Frameworks";
			outputFileListPaths = (
				"${PODS_ROOT}/Target Support Files/Pods-Weatherful/Pods-Weatherful-frameworks-${CONFIGURATION}-output-files.xcfilelist",
			);
			runOnlyForDeploymentPostprocessing = 0;
			shellPath = /bin/sh;
			shellScript = "\"${PODS_ROOT}/Target Support Files/Pods-Weatherful/Pods-Weatherful-frameworks.sh\"\n";
			showEnvVarsInLog = 0;
		};
/* End PBXShellScriptBuildPhase section */

/* Begin PBXSourcesBuildPhase section */
		04C1128029F47C9900119130 /* Sources */ = {
			isa = PBXSourcesBuildPhase;
			buildActionMask = 2147483647;
			files = (
				04C1128C29F47C9900119130 /* MainVC.swift in Sources */,
				04C1131229F4AF5F00119130 /* String+Weatherful.swift in Sources */,
				04C1131629F4D09F00119130 /* WeatherManager.swift in Sources */,
				04C1130C29F4ADD300119130 /* UILabel+Weatherful.swift in Sources */,
				0440BAEB2A0C8D1F0057098E /* ForecastData.swift in Sources */,
				041200DB2A106F1A007EF637 /* ForecastDetailCell.swift in Sources */,
				0440BADB29F8E8050057098E /* ForecastCell.swift in Sources */,
				0440BAE029F8E9710057098E /* Constants.swift in Sources */,
				0440BAE92A0C8C8A0057098E /* ForecastModel.swift in Sources */,
				0440BAD729F8E7EE0057098E /* DateCell.swift in Sources */,
				04C1130A29F4ADC800119130 /* UIView+Weatherful.swift in Sources */,
				04C1128829F47C9900119130 /* AppDelegate.swift in Sources */,
				041200E22A10B88A007EF637 /* ForecastDetailVC.swift in Sources */,
				04C1130829F4ADBE00119130 /* UIColor+Weatherful.swift in Sources */,
				04C1131029F4ADF100119130 /* Fonts+Weatherful.swift in Sources */,
				041200D62A1057E3007EF637 /* ForecastVC.swift in Sources */,
				041200E62A11A1D8007EF637 /* WeatherfulDate.swift in Sources */,
				04C1128A29F47C9900119130 /* SceneDelegate.swift in Sources */,
				04C1130E29F4ADE000119130 /* UIImage+Weatherful.swift in Sources */,
				04C1131A29F4D0B000119130 /* WeatherData.swift in Sources */,
				041200DF2A109C95007EF637 /* ForecastHeaderCell.swift in Sources */,
				041200D82A105A65007EF637 /* UIImageView+Weatherful.swift in Sources */,
				04C1131829F4D0A900119130 /* WeatherModel.swift in Sources */,
			);
			runOnlyForDeploymentPostprocessing = 0;
		};
/* End PBXSourcesBuildPhase section */

/* Begin PBXVariantGroup section */
		04C1128D29F47C9900119130 /* Main.storyboard */ = {
			isa = PBXVariantGroup;
			children = (
				04C1128E29F47C9900119130 /* Base */,
			);
			name = Main.storyboard;
			sourceTree = "<group>";
		};
		04C1129229F47C9A00119130 /* LaunchScreen.storyboard */ = {
			isa = PBXVariantGroup;
			children = (
				04C1129329F47C9A00119130 /* Base */,
			);
			name = LaunchScreen.storyboard;
			sourceTree = "<group>";
		};
/* End PBXVariantGroup section */

/* Begin XCBuildConfiguration section */
		04C112AC29F47C9A00119130 /* Debug */ = {
			isa = XCBuildConfiguration;
			buildSettings = {
				ALWAYS_SEARCH_USER_PATHS = NO;
				CLANG_ANALYZER_NONNULL = YES;
				CLANG_ANALYZER_NUMBER_OBJECT_CONVERSION = YES_AGGRESSIVE;
				CLANG_CXX_LANGUAGE_STANDARD = "gnu++20";
				CLANG_ENABLE_MODULES = YES;
				CLANG_ENABLE_OBJC_ARC = YES;
				CLANG_ENABLE_OBJC_WEAK = YES;
				CLANG_WARN_BLOCK_CAPTURE_AUTORELEASING = YES;
				CLANG_WARN_BOOL_CONVERSION = YES;
				CLANG_WARN_COMMA = YES;
				CLANG_WARN_CONSTANT_CONVERSION = YES;
				CLANG_WARN_DEPRECATED_OBJC_IMPLEMENTATIONS = YES;
				CLANG_WARN_DIRECT_OBJC_ISA_USAGE = YES_ERROR;
				CLANG_WARN_DOCUMENTATION_COMMENTS = YES;
				CLANG_WARN_EMPTY_BODY = YES;
				CLANG_WARN_ENUM_CONVERSION = YES;
				CLANG_WARN_INFINITE_RECURSION = YES;
				CLANG_WARN_INT_CONVERSION = YES;
				CLANG_WARN_NON_LITERAL_NULL_CONVERSION = YES;
				CLANG_WARN_OBJC_IMPLICIT_RETAIN_SELF = YES;
				CLANG_WARN_OBJC_LITERAL_CONVERSION = YES;
				CLANG_WARN_OBJC_ROOT_CLASS = YES_ERROR;
				CLANG_WARN_QUOTED_INCLUDE_IN_FRAMEWORK_HEADER = YES;
				CLANG_WARN_RANGE_LOOP_ANALYSIS = YES;
				CLANG_WARN_STRICT_PROTOTYPES = YES;
				CLANG_WARN_SUSPICIOUS_MOVE = YES;
				CLANG_WARN_UNGUARDED_AVAILABILITY = YES_AGGRESSIVE;
				CLANG_WARN_UNREACHABLE_CODE = YES;
				CLANG_WARN__DUPLICATE_METHOD_MATCH = YES;
				COPY_PHASE_STRIP = NO;
				DEBUG_INFORMATION_FORMAT = dwarf;
				ENABLE_STRICT_OBJC_MSGSEND = YES;
				ENABLE_TESTABILITY = YES;
				GCC_C_LANGUAGE_STANDARD = gnu11;
				GCC_DYNAMIC_NO_PIC = NO;
				GCC_NO_COMMON_BLOCKS = YES;
				GCC_OPTIMIZATION_LEVEL = 0;
				GCC_PREPROCESSOR_DEFINITIONS = (
					"DEBUG=1",
					"$(inherited)",
				);
				GCC_WARN_64_TO_32_BIT_CONVERSION = YES;
				GCC_WARN_ABOUT_RETURN_TYPE = YES_ERROR;
				GCC_WARN_UNDECLARED_SELECTOR = YES;
				GCC_WARN_UNINITIALIZED_AUTOS = YES_AGGRESSIVE;
				GCC_WARN_UNUSED_FUNCTION = YES;
				GCC_WARN_UNUSED_VARIABLE = YES;
				IPHONEOS_DEPLOYMENT_TARGET = 11.0;
				MTL_ENABLE_DEBUG_INFO = INCLUDE_SOURCE;
				MTL_FAST_MATH = YES;
				ONLY_ACTIVE_ARCH = YES;
				SDKROOT = iphoneos;
				SWIFT_ACTIVE_COMPILATION_CONDITIONS = DEBUG;
				SWIFT_OPTIMIZATION_LEVEL = "-Onone";
			};
			name = Debug;
		};
		04C112AD29F47C9A00119130 /* Release */ = {
			isa = XCBuildConfiguration;
			buildSettings = {
				ALWAYS_SEARCH_USER_PATHS = NO;
				CLANG_ANALYZER_NONNULL = YES;
				CLANG_ANALYZER_NUMBER_OBJECT_CONVERSION = YES_AGGRESSIVE;
				CLANG_CXX_LANGUAGE_STANDARD = "gnu++20";
				CLANG_ENABLE_MODULES = YES;
				CLANG_ENABLE_OBJC_ARC = YES;
				CLANG_ENABLE_OBJC_WEAK = YES;
				CLANG_WARN_BLOCK_CAPTURE_AUTORELEASING = YES;
				CLANG_WARN_BOOL_CONVERSION = YES;
				CLANG_WARN_COMMA = YES;
				CLANG_WARN_CONSTANT_CONVERSION = YES;
				CLANG_WARN_DEPRECATED_OBJC_IMPLEMENTATIONS = YES;
				CLANG_WARN_DIRECT_OBJC_ISA_USAGE = YES_ERROR;
				CLANG_WARN_DOCUMENTATION_COMMENTS = YES;
				CLANG_WARN_EMPTY_BODY = YES;
				CLANG_WARN_ENUM_CONVERSION = YES;
				CLANG_WARN_INFINITE_RECURSION = YES;
				CLANG_WARN_INT_CONVERSION = YES;
				CLANG_WARN_NON_LITERAL_NULL_CONVERSION = YES;
				CLANG_WARN_OBJC_IMPLICIT_RETAIN_SELF = YES;
				CLANG_WARN_OBJC_LITERAL_CONVERSION = YES;
				CLANG_WARN_OBJC_ROOT_CLASS = YES_ERROR;
				CLANG_WARN_QUOTED_INCLUDE_IN_FRAMEWORK_HEADER = YES;
				CLANG_WARN_RANGE_LOOP_ANALYSIS = YES;
				CLANG_WARN_STRICT_PROTOTYPES = YES;
				CLANG_WARN_SUSPICIOUS_MOVE = YES;
				CLANG_WARN_UNGUARDED_AVAILABILITY = YES_AGGRESSIVE;
				CLANG_WARN_UNREACHABLE_CODE = YES;
				CLANG_WARN__DUPLICATE_METHOD_MATCH = YES;
				COPY_PHASE_STRIP = NO;
				DEBUG_INFORMATION_FORMAT = "dwarf-with-dsym";
				ENABLE_NS_ASSERTIONS = NO;
				ENABLE_STRICT_OBJC_MSGSEND = YES;
				GCC_C_LANGUAGE_STANDARD = gnu11;
				GCC_NO_COMMON_BLOCKS = YES;
				GCC_WARN_64_TO_32_BIT_CONVERSION = YES;
				GCC_WARN_ABOUT_RETURN_TYPE = YES_ERROR;
				GCC_WARN_UNDECLARED_SELECTOR = YES;
				GCC_WARN_UNINITIALIZED_AUTOS = YES_AGGRESSIVE;
				GCC_WARN_UNUSED_FUNCTION = YES;
				GCC_WARN_UNUSED_VARIABLE = YES;
				IPHONEOS_DEPLOYMENT_TARGET = 11.0;
				MTL_ENABLE_DEBUG_INFO = NO;
				MTL_FAST_MATH = YES;
				SDKROOT = iphoneos;
				SWIFT_COMPILATION_MODE = wholemodule;
				SWIFT_OPTIMIZATION_LEVEL = "-O";
				VALIDATE_PRODUCT = YES;
			};
			name = Release;
		};
		04C112AF29F47C9A00119130 /* Debug */ = {
			isa = XCBuildConfiguration;
			baseConfigurationReference = 4D4D35A9F135001836506D95 /* Pods-Weatherful.debug.xcconfig */;
			buildSettings = {
				ASSETCATALOG_COMPILER_APPICON_NAME = AppIcon;
				ASSETCATALOG_COMPILER_GLOBAL_ACCENT_COLOR_NAME = AccentColor;
				ASSETCATALOG_COMPILER_INCLUDE_ALL_APPICON_ASSETS = NO;
				CODE_SIGN_STYLE = Automatic;
				CURRENT_PROJECT_VERSION = 1;
				DEVELOPMENT_TEAM = X6JB7G9XQ7;
				GENERATE_INFOPLIST_FILE = YES;
				INFOPLIST_FILE = Weatherful/Info.plist;
				INFOPLIST_KEY_NSLocationWhenInUseUsageDescription = "We need your current location to get the most accurate weather data.";
				INFOPLIST_KEY_UIApplicationSupportsIndirectInputEvents = YES;
				INFOPLIST_KEY_UILaunchStoryboardName = LaunchScreen;
				INFOPLIST_KEY_UIMainStoryboardFile = Main;
				INFOPLIST_KEY_UISupportedInterfaceOrientations = UIInterfaceOrientationPortrait;
				IPHONEOS_DEPLOYMENT_TARGET = 16.0;
				LD_RUNPATH_SEARCH_PATHS = (
					"$(inherited)",
					"@executable_path/Frameworks",
				);
				MARKETING_VERSION = 1.0;
				PRODUCT_BUNDLE_IDENTIFIER = com.antonybluemel.Weatherful;
				PRODUCT_NAME = "$(TARGET_NAME)";
				SWIFT_EMIT_LOC_STRINGS = YES;
				SWIFT_VERSION = 5.0;
				TARGETED_DEVICE_FAMILY = "1,2";
			};
			name = Debug;
		};
		04C112B029F47C9A00119130 /* Release */ = {
			isa = XCBuildConfiguration;
			baseConfigurationReference = 7956FDAD574CB8A11DE037EE /* Pods-Weatherful.release.xcconfig */;
			buildSettings = {
				ASSETCATALOG_COMPILER_APPICON_NAME = AppIcon;
				ASSETCATALOG_COMPILER_GLOBAL_ACCENT_COLOR_NAME = AccentColor;
				ASSETCATALOG_COMPILER_INCLUDE_ALL_APPICON_ASSETS = NO;
				CODE_SIGN_STYLE = Automatic;
				CURRENT_PROJECT_VERSION = 1;
				DEVELOPMENT_TEAM = X6JB7G9XQ7;
				GENERATE_INFOPLIST_FILE = YES;
				INFOPLIST_FILE = Weatherful/Info.plist;
				INFOPLIST_KEY_NSLocationWhenInUseUsageDescription = "We need your current location to get the most accurate weather data.";
				INFOPLIST_KEY_UIApplicationSupportsIndirectInputEvents = YES;
				INFOPLIST_KEY_UILaunchStoryboardName = LaunchScreen;
				INFOPLIST_KEY_UIMainStoryboardFile = Main;
				INFOPLIST_KEY_UISupportedInterfaceOrientations = UIInterfaceOrientationPortrait;
				IPHONEOS_DEPLOYMENT_TARGET = 16.0;
				LD_RUNPATH_SEARCH_PATHS = (
					"$(inherited)",
					"@executable_path/Frameworks",
				);
				MARKETING_VERSION = 1.0;
				PRODUCT_BUNDLE_IDENTIFIER = com.antonybluemel.Weatherful;
				PRODUCT_NAME = "$(TARGET_NAME)";
				SWIFT_EMIT_LOC_STRINGS = YES;
				SWIFT_VERSION = 5.0;
				TARGETED_DEVICE_FAMILY = "1,2";
			};
			name = Release;
		};
/* End XCBuildConfiguration section */

/* Begin XCConfigurationList section */
		04C1127F29F47C9900119130 /* Build configuration list for PBXProject "Weatherful" */ = {
			isa = XCConfigurationList;
			buildConfigurations = (
				04C112AC29F47C9A00119130 /* Debug */,
				04C112AD29F47C9A00119130 /* Release */,
			);
			defaultConfigurationIsVisible = 0;
			defaultConfigurationName = Release;
		};
		04C112AE29F47C9A00119130 /* Build configuration list for PBXNativeTarget "Weatherful" */ = {
			isa = XCConfigurationList;
			buildConfigurations = (
				04C112AF29F47C9A00119130 /* Debug */,
				04C112B029F47C9A00119130 /* Release */,
			);
			defaultConfigurationIsVisible = 0;
			defaultConfigurationName = Release;
		};
/* End XCConfigurationList section */
	};
	rootObject = 04C1127C29F47C9900119130 /* Project object */;
}
