// !$*UTF8*$!
{
	archiveVersion = 1;
	classes = {
	};
	objectVersion = 56;
	objects = {

/* Begin PBXBuildFile section */
		04C1128829F47C9900119130 /* AppDelegate.swift in Sources */ = {isa = PBXBuildFile; fileRef = 04C1128729F47C9900119130 /* AppDelegate.swift */; };
		04C1128A29F47C9900119130 /* SceneDelegate.swift in Sources */ = {isa = PBXBuildFile; fileRef = 04C1128929F47C9900119130 /* SceneDelegate.swift */; };
		04C1128C29F47C9900119130 /* ViewController.swift in Sources */ = {isa = PBXBuildFile; fileRef = 04C1128B29F47C9900119130 /* ViewController.swift */; };
		04C1128F29F47C9900119130 /* Main.storyboard in Resources */ = {isa = PBXBuildFile; fileRef = 04C1128D29F47C9900119130 /* Main.storyboard */; };
		04C1129129F47C9A00119130 /* Assets.xcassets in Resources */ = {isa = PBXBuildFile; fileRef = 04C1129029F47C9A00119130 /* Assets.xcassets */; };
		04C1129429F47C9A00119130 /* LaunchScreen.storyboard in Resources */ = {isa = PBXBuildFile; fileRef = 04C1129229F47C9A00119130 /* LaunchScreen.storyboard */; };
		04C1129F29F47C9A00119130 /* WeatherfulTests.swift in Sources */ = {isa = PBXBuildFile; fileRef = 04C1129E29F47C9A00119130 /* WeatherfulTests.swift */; };
		04C112A929F47C9A00119130 /* WeatherfulUITests.swift in Sources */ = {isa = PBXBuildFile; fileRef = 04C112A829F47C9A00119130 /* WeatherfulUITests.swift */; };
		04C112AB29F47C9A00119130 /* WeatherfulUITestsLaunchTests.swift in Sources */ = {isa = PBXBuildFile; fileRef = 04C112AA29F47C9A00119130 /* WeatherfulUITestsLaunchTests.swift */; };
/* End PBXBuildFile section */

/* Begin PBXContainerItemProxy section */
		04C1129B29F47C9A00119130 /* PBXContainerItemProxy */ = {
			isa = PBXContainerItemProxy;
			containerPortal = 04C1127C29F47C9900119130 /* Project object */;
			proxyType = 1;
			remoteGlobalIDString = 04C1128329F47C9900119130;
			remoteInfo = Weatherful;
		};
		04C112A529F47C9A00119130 /* PBXContainerItemProxy */ = {
			isa = PBXContainerItemProxy;
			containerPortal = 04C1127C29F47C9900119130 /* Project object */;
			proxyType = 1;
			remoteGlobalIDString = 04C1128329F47C9900119130;
			remoteInfo = Weatherful;
		};
/* End PBXContainerItemProxy section */

/* Begin PBXFileReference section */
		04C1128429F47C9900119130 /* Weatherful.app */ = {isa = PBXFileReference; explicitFileType = wrapper.application; includeInIndex = 0; path = Weatherful.app; sourceTree = BUILT_PRODUCTS_DIR; };
		04C1128729F47C9900119130 /* AppDelegate.swift */ = {isa = PBXFileReference; lastKnownFileType = sourcecode.swift; path = AppDelegate.swift; sourceTree = "<group>"; };
		04C1128929F47C9900119130 /* SceneDelegate.swift */ = {isa = PBXFileReference; lastKnownFileType = sourcecode.swift; path = SceneDelegate.swift; sourceTree = "<group>"; };
		04C1128B29F47C9900119130 /* ViewController.swift */ = {isa = PBXFileReference; lastKnownFileType = sourcecode.swift; path = ViewController.swift; sourceTree = "<group>"; };
		04C1128E29F47C9900119130 /* Base */ = {isa = PBXFileReference; lastKnownFileType = file.storyboard; name = Base; path = Base.lproj/Main.storyboard; sourceTree = "<group>"; };
		04C1129029F47C9A00119130 /* Assets.xcassets */ = {isa = PBXFileReference; lastKnownFileType = folder.assetcatalog; path = Assets.xcassets; sourceTree = "<group>"; };
		04C1129329F47C9A00119130 /* Base */ = {isa = PBXFileReference; lastKnownFileType = file.storyboard; name = Base; path = Base.lproj/LaunchScreen.storyboard; sourceTree = "<group>"; };
		04C1129529F47C9A00119130 /* Info.plist */ = {isa = PBXFileReference; lastKnownFileType = text.plist.xml; path = Info.plist; sourceTree = "<group>"; };
		04C1129A29F47C9A00119130 /* WeatherfulTests.xctest */ = {isa = PBXFileReference; explicitFileType = wrapper.cfbundle; includeInIndex = 0; path = WeatherfulTests.xctest; sourceTree = BUILT_PRODUCTS_DIR; };
		04C1129E29F47C9A00119130 /* WeatherfulTests.swift */ = {isa = PBXFileReference; lastKnownFileType = sourcecode.swift; path = WeatherfulTests.swift; sourceTree = "<group>"; };
		04C112A429F47C9A00119130 /* WeatherfulUITests.xctest */ = {isa = PBXFileReference; explicitFileType = wrapper.cfbundle; includeInIndex = 0; path = WeatherfulUITests.xctest; sourceTree = BUILT_PRODUCTS_DIR; };
		04C112A829F47C9A00119130 /* WeatherfulUITests.swift */ = {isa = PBXFileReference; lastKnownFileType = sourcecode.swift; path = WeatherfulUITests.swift; sourceTree = "<group>"; };
		04C112AA29F47C9A00119130 /* WeatherfulUITestsLaunchTests.swift */ = {isa = PBXFileReference; lastKnownFileType = sourcecode.swift; path = WeatherfulUITestsLaunchTests.swift; sourceTree = "<group>"; };
/* End PBXFileReference section */

/* Begin PBXFrameworksBuildPhase section */
		04C1128129F47C9900119130 /* Frameworks */ = {
			isa = PBXFrameworksBuildPhase;
			buildActionMask = 2147483647;
			files = (
			);
			runOnlyForDeploymentPostprocessing = 0;
		};
		04C1129729F47C9A00119130 /* Frameworks */ = {
			isa = PBXFrameworksBuildPhase;
			buildActionMask = 2147483647;
			files = (
			);
			runOnlyForDeploymentPostprocessing = 0;
		};
		04C112A129F47C9A00119130 /* Frameworks */ = {
			isa = PBXFrameworksBuildPhase;
			buildActionMask = 2147483647;
			files = (
			);
			runOnlyForDeploymentPostprocessing = 0;
		};
/* End PBXFrameworksBuildPhase section */

/* Begin PBXGroup section */
		04C1127B29F47C9900119130 = {
			isa = PBXGroup;
			children = (
				04C1128629F47C9900119130 /* Weatherful */,
				04C1129D29F47C9A00119130 /* WeatherfulTests */,
				04C112A729F47C9A00119130 /* WeatherfulUITests */,
				04C1128529F47C9900119130 /* Products */,
			);
			sourceTree = "<group>";
		};
		04C1128529F47C9900119130 /* Products */ = {
			isa = PBXGroup;
			children = (
				04C1128429F47C9900119130 /* Weatherful.app */,
				04C1129A29F47C9A00119130 /* WeatherfulTests.xctest */,
				04C112A429F47C9A00119130 /* WeatherfulUITests.xctest */,
			);
			name = Products;
			sourceTree = "<group>";
		};
		04C1128629F47C9900119130 /* Weatherful */ = {
			isa = PBXGroup;
			children = (
				04C1128729F47C9900119130 /* AppDelegate.swift */,
				04C1128929F47C9900119130 /* SceneDelegate.swift */,
				04C1128B29F47C9900119130 /* ViewController.swift */,
				04C1128D29F47C9900119130 /* Main.storyboard */,
				04C1129029F47C9A00119130 /* Assets.xcassets */,
				04C1129229F47C9A00119130 /* LaunchScreen.storyboard */,
				04C1129529F47C9A00119130 /* Info.plist */,
			);
			path = Weatherful;
			sourceTree = "<group>";
		};
		04C1129D29F47C9A00119130 /* WeatherfulTests */ = {
			isa = PBXGroup;
			children = (
				04C1129E29F47C9A00119130 /* WeatherfulTests.swift */,
			);
			path = WeatherfulTests;
			sourceTree = "<group>";
		};
		04C112A729F47C9A00119130 /* WeatherfulUITests */ = {
			isa = PBXGroup;
			children = (
				04C112A829F47C9A00119130 /* WeatherfulUITests.swift */,
				04C112AA29F47C9A00119130 /* WeatherfulUITestsLaunchTests.swift */,
			);
			path = WeatherfulUITests;
			sourceTree = "<group>";
		};
/* End PBXGroup section */

/* Begin PBXNativeTarget section */
		04C1128329F47C9900119130 /* Weatherful */ = {
			isa = PBXNativeTarget;
			buildConfigurationList = 04C112AE29F47C9A00119130 /* Build configuration list for PBXNativeTarget "Weatherful" */;
			buildPhases = (
				04C1128029F47C9900119130 /* Sources */,
				04C1128129F47C9900119130 /* Frameworks */,
				04C1128229F47C9900119130 /* Resources */,
			);
			buildRules = (
			);
			dependencies = (
			);
			name = Weatherful;
			productName = Weatherful;
			productReference = 04C1128429F47C9900119130 /* Weatherful.app */;
			productType = "com.apple.product-type.application";
		};
		04C1129929F47C9A00119130 /* WeatherfulTests */ = {
			isa = PBXNativeTarget;
			buildConfigurationList = 04C112B129F47C9A00119130 /* Build configuration list for PBXNativeTarget "WeatherfulTests" */;
			buildPhases = (
				04C1129629F47C9A00119130 /* Sources */,
				04C1129729F47C9A00119130 /* Frameworks */,
				04C1129829F47C9A00119130 /* Resources */,
			);
			buildRules = (
			);
			dependencies = (
				04C1129C29F47C9A00119130 /* PBXTargetDependency */,
			);
			name = WeatherfulTests;
			productName = WeatherfulTests;
			productReference = 04C1129A29F47C9A00119130 /* WeatherfulTests.xctest */;
			productType = "com.apple.product-type.bundle.unit-test";
		};
		04C112A329F47C9A00119130 /* WeatherfulUITests */ = {
			isa = PBXNativeTarget;
			buildConfigurationList = 04C112B429F47C9A00119130 /* Build configuration list for PBXNativeTarget "WeatherfulUITests" */;
			buildPhases = (
				04C112A029F47C9A00119130 /* Sources */,
				04C112A129F47C9A00119130 /* Frameworks */,
				04C112A229F47C9A00119130 /* Resources */,
			);
			buildRules = (
			);
			dependencies = (
				04C112A629F47C9A00119130 /* PBXTargetDependency */,
			);
			name = WeatherfulUITests;
			productName = WeatherfulUITests;
			productReference = 04C112A429F47C9A00119130 /* WeatherfulUITests.xctest */;
			productType = "com.apple.product-type.bundle.ui-testing";
		};
/* End PBXNativeTarget section */

/* Begin PBXProject section */
		04C1127C29F47C9900119130 /* Project object */ = {
			isa = PBXProject;
			attributes = {
				BuildIndependentTargetsInParallel = 1;
				LastSwiftUpdateCheck = 1430;
				LastUpgradeCheck = 1430;
				TargetAttributes = {
					04C1128329F47C9900119130 = {
						CreatedOnToolsVersion = 14.3;
					};
					04C1129929F47C9A00119130 = {
						CreatedOnToolsVersion = 14.3;
						TestTargetID = 04C1128329F47C9900119130;
					};
					04C112A329F47C9A00119130 = {
						CreatedOnToolsVersion = 14.3;
						TestTargetID = 04C1128329F47C9900119130;
					};
				};
			};
			buildConfigurationList = 04C1127F29F47C9900119130 /* Build configuration list for PBXProject "Weatherful" */;
			compatibilityVersion = "Xcode 14.0";
			developmentRegion = en;
			hasScannedForEncodings = 0;
			knownRegions = (
				en,
				Base,
			);
			mainGroup = 04C1127B29F47C9900119130;
			productRefGroup = 04C1128529F47C9900119130 /* Products */;
			projectDirPath = "";
			projectRoot = "";
			targets = (
				04C1128329F47C9900119130 /* Weatherful */,
				04C1129929F47C9A00119130 /* WeatherfulTests */,
				04C112A329F47C9A00119130 /* WeatherfulUITests */,
			);
		};
/* End PBXProject section */

/* Begin PBXResourcesBuildPhase section */
		04C1128229F47C9900119130 /* Resources */ = {
			isa = PBXResourcesBuildPhase;
			buildActionMask = 2147483647;
			files = (
				04C1129429F47C9A00119130 /* LaunchScreen.storyboard in Resources */,
				04C1129129F47C9A00119130 /* Assets.xcassets in Resources */,
				04C1128F29F47C9900119130 /* Main.storyboard in Resources */,
			);
			runOnlyForDeploymentPostprocessing = 0;
		};
		04C1129829F47C9A00119130 /* Resources */ = {
			isa = PBXResourcesBuildPhase;
			buildActionMask = 2147483647;
			files = (
			);
			runOnlyForDeploymentPostprocessing = 0;
		};
		04C112A229F47C9A00119130 /* Resources */ = {
			isa = PBXResourcesBuildPhase;
			buildActionMask = 2147483647;
			files = (
			);
			runOnlyForDeploymentPostprocessing = 0;
		};
/* End PBXResourcesBuildPhase section */

/* Begin PBXSourcesBuildPhase section */
		04C1128029F47C9900119130 /* Sources */ = {
			isa = PBXSourcesBuildPhase;
			buildActionMask = 2147483647;
			files = (
				04C1128C29F47C9900119130 /* ViewController.swift in Sources */,
				04C1128829F47C9900119130 /* AppDelegate.swift in Sources */,
				04C1128A29F47C9900119130 /* SceneDelegate.swift in Sources */,
			);
			runOnlyForDeploymentPostprocessing = 0;
		};
		04C1129629F47C9A00119130 /* Sources */ = {
			isa = PBXSourcesBuildPhase;
			buildActionMask = 2147483647;
			files = (
				04C1129F29F47C9A00119130 /* WeatherfulTests.swift in Sources */,
			);
			runOnlyForDeploymentPostprocessing = 0;
		};
		04C112A029F47C9A00119130 /* Sources */ = {
			isa = PBXSourcesBuildPhase;
			buildActionMask = 2147483647;
			files = (
				04C112A929F47C9A00119130 /* WeatherfulUITests.swift in Sources */,
				04C112AB29F47C9A00119130 /* WeatherfulUITestsLaunchTests.swift in Sources */,
			);
			runOnlyForDeploymentPostprocessing = 0;
		};
/* End PBXSourcesBuildPhase section */

/* Begin PBXTargetDependency section */
		04C1129C29F47C9A00119130 /* PBXTargetDependency */ = {
			isa = PBXTargetDependency;
			target = 04C1128329F47C9900119130 /* Weatherful */;
			targetProxy = 04C1129B29F47C9A00119130 /* PBXContainerItemProxy */;
		};
		04C112A629F47C9A00119130 /* PBXTargetDependency */ = {
			isa = PBXTargetDependency;
			target = 04C1128329F47C9900119130 /* Weatherful */;
			targetProxy = 04C112A529F47C9A00119130 /* PBXContainerItemProxy */;
		};
/* End PBXTargetDependency section */

/* Begin PBXVariantGroup section */
		04C1128D29F47C9900119130 /* Main.storyboard */ = {
			isa = PBXVariantGroup;
			children = (
				04C1128E29F47C9900119130 /* Base */,
			);
			name = Main.storyboard;
			sourceTree = "<group>";
		};
		04C1129229F47C9A00119130 /* LaunchScreen.storyboard */ = {
			isa = PBXVariantGroup;
			children = (
				04C1129329F47C9A00119130 /* Base */,
			);
			name = LaunchScreen.storyboard;
			sourceTree = "<group>";
		};
/* End PBXVariantGroup section */

/* Begin XCBuildConfiguration section */
		04C112AC29F47C9A00119130 /* Debug */ = {
			isa = XCBuildConfiguration;
			buildSettings = {
				ALWAYS_SEARCH_USER_PATHS = NO;
				CLANG_ANALYZER_NONNULL = YES;
				CLANG_ANALYZER_NUMBER_OBJECT_CONVERSION = YES_AGGRESSIVE;
				CLANG_CXX_LANGUAGE_STANDARD = "gnu++20";
				CLANG_ENABLE_MODULES = YES;
				CLANG_ENABLE_OBJC_ARC = YES;
				CLANG_ENABLE_OBJC_WEAK = YES;
				CLANG_WARN_BLOCK_CAPTURE_AUTORELEASING = YES;
				CLANG_WARN_BOOL_CONVERSION = YES;
				CLANG_WARN_COMMA = YES;
				CLANG_WARN_CONSTANT_CONVERSION = YES;
				CLANG_WARN_DEPRECATED_OBJC_IMPLEMENTATIONS = YES;
				CLANG_WARN_DIRECT_OBJC_ISA_USAGE = YES_ERROR;
				CLANG_WARN_DOCUMENTATION_COMMENTS = YES;
				CLANG_WARN_EMPTY_BODY = YES;
				CLANG_WARN_ENUM_CONVERSION = YES;
				CLANG_WARN_INFINITE_RECURSION = YES;
				CLANG_WARN_INT_CONVERSION = YES;
				CLANG_WARN_NON_LITERAL_NULL_CONVERSION = YES;
				CLANG_WARN_OBJC_IMPLICIT_RETAIN_SELF = YES;
				CLANG_WARN_OBJC_LITERAL_CONVERSION = YES;
				CLANG_WARN_OBJC_ROOT_CLASS = YES_ERROR;
				CLANG_WARN_QUOTED_INCLUDE_IN_FRAMEWORK_HEADER = YES;
				CLANG_WARN_RANGE_LOOP_ANALYSIS = YES;
				CLANG_WARN_STRICT_PROTOTYPES = YES;
				CLANG_WARN_SUSPICIOUS_MOVE = YES;
				CLANG_WARN_UNGUARDED_AVAILABILITY = YES_AGGRESSIVE;
				CLANG_WARN_UNREACHABLE_CODE = YES;
				CLANG_WARN__DUPLICATE_METHOD_MATCH = YES;
				COPY_PHASE_STRIP = NO;
				DEBUG_INFORMATION_FORMAT = dwarf;
				ENABLE_STRICT_OBJC_MSGSEND = YES;
				ENABLE_TESTABILITY = YES;
				GCC_C_LANGUAGE_STANDARD = gnu11;
				GCC_DYNAMIC_NO_PIC = NO;
				GCC_NO_COMMON_BLOCKS = YES;
				GCC_OPTIMIZATION_LEVEL = 0;
				GCC_PREPROCESSOR_DEFINITIONS = (
					"DEBUG=1",
					"$(inherited)",
				);
				GCC_WARN_64_TO_32_BIT_CONVERSION = YES;
				GCC_WARN_ABOUT_RETURN_TYPE = YES_ERROR;
				GCC_WARN_UNDECLARED_SELECTOR = YES;
				GCC_WARN_UNINITIALIZED_AUTOS = YES_AGGRESSIVE;
				GCC_WARN_UNUSED_FUNCTION = YES;
				GCC_WARN_UNUSED_VARIABLE = YES;
				IPHONEOS_DEPLOYMENT_TARGET = 16.4;
				MTL_ENABLE_DEBUG_INFO = INCLUDE_SOURCE;
				MTL_FAST_MATH = YES;
				ONLY_ACTIVE_ARCH = YES;
				SDKROOT = iphoneos;
				SWIFT_ACTIVE_COMPILATION_CONDITIONS = DEBUG;
				SWIFT_OPTIMIZATION_LEVEL = "-Onone";
			};
			name = Debug;
		};
		04C112AD29F47C9A00119130 /* Release */ = {
			isa = XCBuildConfiguration;
			buildSettings = {
				ALWAYS_SEARCH_USER_PATHS = NO;
				CLANG_ANALYZER_NONNULL = YES;
				CLANG_ANALYZER_NUMBER_OBJECT_CONVERSION = YES_AGGRESSIVE;
				CLANG_CXX_LANGUAGE_STANDARD = "gnu++20";
				CLANG_ENABLE_MODULES = YES;
				CLANG_ENABLE_OBJC_ARC = YES;
				CLANG_ENABLE_OBJC_WEAK = YES;
				CLANG_WARN_BLOCK_CAPTURE_AUTORELEASING = YES;
				CLANG_WARN_BOOL_CONVERSION = YES;
				CLANG_WARN_COMMA = YES;
				CLANG_WARN_CONSTANT_CONVERSION = YES;
				CLANG_WARN_DEPRECATED_OBJC_IMPLEMENTATIONS = YES;
				CLANG_WARN_DIRECT_OBJC_ISA_USAGE = YES_ERROR;
				CLANG_WARN_DOCUMENTATION_COMMENTS = YES;
				CLANG_WARN_EMPTY_BODY = YES;
				CLANG_WARN_ENUM_CONVERSION = YES;
				CLANG_WARN_INFINITE_RECURSION = YES;
				CLANG_WARN_INT_CONVERSION = YES;
				CLANG_WARN_NON_LITERAL_NULL_CONVERSION = YES;
				CLANG_WARN_OBJC_IMPLICIT_RETAIN_SELF = YES;
				CLANG_WARN_OBJC_LITERAL_CONVERSION = YES;
				CLANG_WARN_OBJC_ROOT_CLASS = YES_ERROR;
				CLANG_WARN_QUOTED_INCLUDE_IN_FRAMEWORK_HEADER = YES;
				CLANG_WARN_RANGE_LOOP_ANALYSIS = YES;
				CLANG_WARN_STRICT_PROTOTYPES = YES;
				CLANG_WARN_SUSPICIOUS_MOVE = YES;
				CLANG_WARN_UNGUARDED_AVAILABILITY = YES_AGGRESSIVE;
				CLANG_WARN_UNREACHABLE_CODE = YES;
				CLANG_WARN__DUPLICATE_METHOD_MATCH = YES;
				COPY_PHASE_STRIP = NO;
				DEBUG_INFORMATION_FORMAT = "dwarf-with-dsym";
				ENABLE_NS_ASSERTIONS = NO;
				ENABLE_STRICT_OBJC_MSGSEND = YES;
				GCC_C_LANGUAGE_STANDARD = gnu11;
				GCC_NO_COMMON_BLOCKS = YES;
				GCC_WARN_64_TO_32_BIT_CONVERSION = YES;
				GCC_WARN_ABOUT_RETURN_TYPE = YES_ERROR;
				GCC_WARN_UNDECLARED_SELECTOR = YES;
				GCC_WARN_UNINITIALIZED_AUTOS = YES_AGGRESSIVE;
				GCC_WARN_UNUSED_FUNCTION = YES;
				GCC_WARN_UNUSED_VARIABLE = YES;
				IPHONEOS_DEPLOYMENT_TARGET = 16.4;
				MTL_ENABLE_DEBUG_INFO = NO;
				MTL_FAST_MATH = YES;
				SDKROOT = iphoneos;
				SWIFT_COMPILATION_MODE = wholemodule;
				SWIFT_OPTIMIZATION_LEVEL = "-O";
				VALIDATE_PRODUCT = YES;
			};
			name = Release;
		};
		04C112AF29F47C9A00119130 /* Debug */ = {
			isa = XCBuildConfiguration;
			buildSettings = {
				ASSETCATALOG_COMPILER_APPICON_NAME = AppIcon;
				ASSETCATALOG_COMPILER_GLOBAL_ACCENT_COLOR_NAME = AccentColor;
				CODE_SIGN_STYLE = Automatic;
				CURRENT_PROJECT_VERSION = 1;
				DEVELOPMENT_TEAM = X6JB7G9XQ7;
				GENERATE_INFOPLIST_FILE = YES;
				INFOPLIST_FILE = Weatherful/Info.plist;
				INFOPLIST_KEY_UIApplicationSupportsIndirectInputEvents = YES;
				INFOPLIST_KEY_UILaunchStoryboardName = LaunchScreen;
				INFOPLIST_KEY_UIMainStoryboardFile = Main;
				INFOPLIST_KEY_UISupportedInterfaceOrientations_iPad = "UIInterfaceOrientationPortrait UIInterfaceOrientationPortraitUpsideDown UIInterfaceOrientationLandscapeLeft UIInterfaceOrientationLandscapeRight";
				INFOPLIST_KEY_UISupportedInterfaceOrientations_iPhone = "UIInterfaceOrientationPortrait UIInterfaceOrientationLandscapeLeft UIInterfaceOrientationLandscapeRight";
				LD_RUNPATH_SEARCH_PATHS = (
					"$(inherited)",
					"@executable_path/Frameworks",
				);
				MARKETING_VERSION = 1.0;
				PRODUCT_BUNDLE_IDENTIFIER = com.antonybluemel.Weatherful;
				PRODUCT_NAME = "$(TARGET_NAME)";
				SWIFT_EMIT_LOC_STRINGS = YES;
				SWIFT_VERSION = 5.0;
				TARGETED_DEVICE_FAMILY = "1,2";
			};
			name = Debug;
		};
		04C112B029F47C9A00119130 /* Release */ = {
			isa = XCBuildConfiguration;
			buildSettings = {
				ASSETCATALOG_COMPILER_APPICON_NAME = AppIcon;
				ASSETCATALOG_COMPILER_GLOBAL_ACCENT_COLOR_NAME = AccentColor;
				CODE_SIGN_STYLE = Automatic;
				CURRENT_PROJECT_VERSION = 1;
				DEVELOPMENT_TEAM = X6JB7G9XQ7;
				GENERATE_INFOPLIST_FILE = YES;
				INFOPLIST_FILE = Weatherful/Info.plist;
				INFOPLIST_KEY_UIApplicationSupportsIndirectInputEvents = YES;
				INFOPLIST_KEY_UILaunchStoryboardName = LaunchScreen;
				INFOPLIST_KEY_UIMainStoryboardFile = Main;
				INFOPLIST_KEY_UISupportedInterfaceOrientations_iPad = "UIInterfaceOrientationPortrait UIInterfaceOrientationPortraitUpsideDown UIInterfaceOrientationLandscapeLeft UIInterfaceOrientationLandscapeRight";
				INFOPLIST_KEY_UISupportedInterfaceOrientations_iPhone = "UIInterfaceOrientationPortrait UIInterfaceOrientationLandscapeLeft UIInterfaceOrientationLandscapeRight";
				LD_RUNPATH_SEARCH_PATHS = (
					"$(inherited)",
					"@executable_path/Frameworks",
				);
				MARKETING_VERSION = 1.0;
				PRODUCT_BUNDLE_IDENTIFIER = com.antonybluemel.Weatherful;
				PRODUCT_NAME = "$(TARGET_NAME)";
				SWIFT_EMIT_LOC_STRINGS = YES;
				SWIFT_VERSION = 5.0;
				TARGETED_DEVICE_FAMILY = "1,2";
			};
			name = Release;
		};
		04C112B229F47C9A00119130 /* Debug */ = {
			isa = XCBuildConfiguration;
			buildSettings = {
				ALWAYS_EMBED_SWIFT_STANDARD_LIBRARIES = YES;
				BUNDLE_LOADER = "$(TEST_HOST)";
				CODE_SIGN_STYLE = Automatic;
				CURRENT_PROJECT_VERSION = 1;
				DEVELOPMENT_TEAM = X6JB7G9XQ7;
				GENERATE_INFOPLIST_FILE = YES;
				IPHONEOS_DEPLOYMENT_TARGET = 16.4;
				MARKETING_VERSION = 1.0;
				PRODUCT_BUNDLE_IDENTIFIER = com.antonybluemel.WeatherfulTests;
				PRODUCT_NAME = "$(TARGET_NAME)";
				SWIFT_EMIT_LOC_STRINGS = NO;
				SWIFT_VERSION = 5.0;
				TARGETED_DEVICE_FAMILY = "1,2";
				TEST_HOST = "$(BUILT_PRODUCTS_DIR)/Weatherful.app/$(BUNDLE_EXECUTABLE_FOLDER_PATH)/Weatherful";
			};
			name = Debug;
		};
		04C112B329F47C9A00119130 /* Release */ = {
			isa = XCBuildConfiguration;
			buildSettings = {
				ALWAYS_EMBED_SWIFT_STANDARD_LIBRARIES = YES;
				BUNDLE_LOADER = "$(TEST_HOST)";
				CODE_SIGN_STYLE = Automatic;
				CURRENT_PROJECT_VERSION = 1;
				DEVELOPMENT_TEAM = X6JB7G9XQ7;
				GENERATE_INFOPLIST_FILE = YES;
				IPHONEOS_DEPLOYMENT_TARGET = 16.4;
				MARKETING_VERSION = 1.0;
				PRODUCT_BUNDLE_IDENTIFIER = com.antonybluemel.WeatherfulTests;
				PRODUCT_NAME = "$(TARGET_NAME)";
				SWIFT_EMIT_LOC_STRINGS = NO;
				SWIFT_VERSION = 5.0;
				TARGETED_DEVICE_FAMILY = "1,2";
				TEST_HOST = "$(BUILT_PRODUCTS_DIR)/Weatherful.app/$(BUNDLE_EXECUTABLE_FOLDER_PATH)/Weatherful";
			};
			name = Release;
		};
		04C112B529F47C9A00119130 /* Debug */ = {
			isa = XCBuildConfiguration;
			buildSettings = {
				ALWAYS_EMBED_SWIFT_STANDARD_LIBRARIES = YES;
				CODE_SIGN_STYLE = Automatic;
				CURRENT_PROJECT_VERSION = 1;
				DEVELOPMENT_TEAM = X6JB7G9XQ7;
				GENERATE_INFOPLIST_FILE = YES;
				MARKETING_VERSION = 1.0;
				PRODUCT_BUNDLE_IDENTIFIER = com.antonybluemel.WeatherfulUITests;
				PRODUCT_NAME = "$(TARGET_NAME)";
				SWIFT_EMIT_LOC_STRINGS = NO;
				SWIFT_VERSION = 5.0;
				TARGETED_DEVICE_FAMILY = "1,2";
				TEST_TARGET_NAME = Weatherful;
			};
			name = Debug;
		};
		04C112B629F47C9A00119130 /* Release */ = {
			isa = XCBuildConfiguration;
			buildSettings = {
				ALWAYS_EMBED_SWIFT_STANDARD_LIBRARIES = YES;
				CODE_SIGN_STYLE = Automatic;
				CURRENT_PROJECT_VERSION = 1;
				DEVELOPMENT_TEAM = X6JB7G9XQ7;
				GENERATE_INFOPLIST_FILE = YES;
				MARKETING_VERSION = 1.0;
				PRODUCT_BUNDLE_IDENTIFIER = com.antonybluemel.WeatherfulUITests;
				PRODUCT_NAME = "$(TARGET_NAME)";
				SWIFT_EMIT_LOC_STRINGS = NO;
				SWIFT_VERSION = 5.0;
				TARGETED_DEVICE_FAMILY = "1,2";
				TEST_TARGET_NAME = Weatherful;
			};
			name = Release;
		};
/* End XCBuildConfiguration section */

/* Begin XCConfigurationList section */
		04C1127F29F47C9900119130 /* Build configuration list for PBXProject "Weatherful" */ = {
			isa = XCConfigurationList;
			buildConfigurations = (
				04C112AC29F47C9A00119130 /* Debug */,
				04C112AD29F47C9A00119130 /* Release */,
			);
			defaultConfigurationIsVisible = 0;
			defaultConfigurationName = Release;
		};
		04C112AE29F47C9A00119130 /* Build configuration list for PBXNativeTarget "Weatherful" */ = {
			isa = XCConfigurationList;
			buildConfigurations = (
				04C112AF29F47C9A00119130 /* Debug */,
				04C112B029F47C9A00119130 /* Release */,
			);
			defaultConfigurationIsVisible = 0;
			defaultConfigurationName = Release;
		};
		04C112B129F47C9A00119130 /* Build configuration list for PBXNativeTarget "WeatherfulTests" */ = {
			isa = XCConfigurationList;
			buildConfigurations = (
				04C112B229F47C9A00119130 /* Debug */,
				04C112B329F47C9A00119130 /* Release */,
			);
			defaultConfigurationIsVisible = 0;
			defaultConfigurationName = Release;
		};
		04C112B429F47C9A00119130 /* Build configuration list for PBXNativeTarget "WeatherfulUITests" */ = {
			isa = XCConfigurationList;
			buildConfigurations = (
				04C112B529F47C9A00119130 /* Debug */,
				04C112B629F47C9A00119130 /* Release */,
			);
			defaultConfigurationIsVisible = 0;
			defaultConfigurationName = Release;
		};
/* End XCConfigurationList section */
	};
	rootObject = 04C1127C29F47C9900119130 /* Project object */;
}
